<?xml version="1.0" encoding="utf-8"?>
<Project xmlns="http://schemas.microsoft.com/developer/msbuild/2003" ToolsVersion="4.0">
  <ItemGroup>
    <Filter Include="Header Files">
      <UniqueIdentifier>{4D1BFFCC-9CEB-4ABF-A951-582870FE71FD}</UniqueIdentifier>
      <Extensions>h;hpp;hxx;hm;inl;inc;xsd</Extensions>
    </Filter>
    <Filter Include="Header Files\TouchGFX">
      <UniqueIdentifier>{29C60541-803D-4F43-8683-028D9DA5E0CB}</UniqueIdentifier>
    </Filter>
    <Filter Include="Header Files\TouchGFX\common">
      <UniqueIdentifier>{AF2BF67C-89EC-4545-B0D2-5BD6803628D4}</UniqueIdentifier>
    </Filter>
    <Filter Include="Header Files\TouchGFX\mvp">
      <UniqueIdentifier>{A8F51E02-A400-49F1-AC86-371872A7E5E6}</UniqueIdentifier>
    </Filter>
    <Filter Include="Header Files\TouchGFX\platform">
      <UniqueIdentifier>{493CF637-721C-4516-8638-3EE4790FB455}</UniqueIdentifier>
    </Filter>
    <Filter Include="Header Files\TouchGFX\touchgfx">
      <UniqueIdentifier>{7187028B-6482-4EB3-8556-EECD38E0636B}</UniqueIdentifier>
    </Filter>
    <Filter Include="Header Files\TouchGFX\platform\driver">
      <UniqueIdentifier>{D2E6B448-6B79-434F-A8EB-C8F8415957E9}</UniqueIdentifier>
    </Filter>
    <Filter Include="Header Files\TouchGFX\platform\hal">
      <UniqueIdentifier>{07737357-9365-4A8F-B2F6-908B5FC4E808}</UniqueIdentifier>
    </Filter>
    <Filter Include="Header Files\TouchGFX\touchgfx\canvas_widget_renderer">
      <UniqueIdentifier>{085B248B-6BE1-4BF8-9913-35526BAEE4C7}</UniqueIdentifier>
    </Filter>
    <Filter Include="Header Files\TouchGFX\touchgfx\containers">
      <UniqueIdentifier>{E08C6B18-2F0E-4861-87D5-80FB0411017E}</UniqueIdentifier>
    </Filter>
    <Filter Include="Header Files\TouchGFX\touchgfx\events">
      <UniqueIdentifier>{29D72404-E5CB-472C-B00F-3784DF3CCD1E}</UniqueIdentifier>
    </Filter>
    <Filter Include="Header Files\TouchGFX\touchgfx\hal">
      <UniqueIdentifier>{09561B72-532B-45EB-8E32-CAA31C349F83}</UniqueIdentifier>
    </Filter>
    <Filter Include="Header Files\TouchGFX\touchgfx\lcd">
      <UniqueIdentifier>{A89B6308-CBC1-48EC-BF14-B3C6106FACCE}</UniqueIdentifier>
    </Filter>
    <Filter Include="Header Files\TouchGFX\touchgfx\mixins">
      <UniqueIdentifier>{DB82A963-BE52-4494-BD5E-358C5E79C081}</UniqueIdentifier>
    </Filter>
    <Filter Include="Header Files\TouchGFX\touchgfx\transforms">
      <UniqueIdentifier>{509E01BB-FBF4-4198-B748-936C1B67839A}</UniqueIdentifier>
    </Filter>
    <Filter Include="Header Files\TouchGFX\touchgfx\transitions">
      <UniqueIdentifier>{3F023E56-225A-4D4C-9D20-74447A23BAD9}</UniqueIdentifier>
    </Filter>
    <Filter Include="Header Files\TouchGFX\touchgfx\widgets">
      <UniqueIdentifier>{0E9A8FD3-B71B-46B9-B1F6-3A18292FFAC4}</UniqueIdentifier>
    </Filter>
    <Filter Include="Header Files\TouchGFX\platform\driver\lcd">
      <UniqueIdentifier>{9B32A742-EBA9-4EBA-832E-0421D7E68BC5}</UniqueIdentifier>
    </Filter>
    <Filter Include="Header Files\TouchGFX\platform\driver\touch">
      <UniqueIdentifier>{8C31441B-2191-4B32-869D-7B253AECB28F}</UniqueIdentifier>
    </Filter>
    <Filter Include="Header Files\TouchGFX\platform\hal\simulator">
      <UniqueIdentifier>{464CC9FB-AFF6-4FFA-B4D8-BCAC4B2B8898}</UniqueIdentifier>
    </Filter>
    <Filter Include="Header Files\TouchGFX\touchgfx\containers\clock">
      <UniqueIdentifier>{B7237C13-DD69-4F78-8446-9A554431E3F8}</UniqueIdentifier>
    </Filter>
    <Filter Include="Header Files\TouchGFX\touchgfx\containers\progress_indicators">
      <UniqueIdentifier>{5E0E884F-0059-4306-94BA-3197219750E3}</UniqueIdentifier>
    </Filter>
    <Filter Include="Header Files\TouchGFX\touchgfx\widgets\canvas">
      <UniqueIdentifier>{DBFF640A-BD63-40BC-A0A5-2468BC461037}</UniqueIdentifier>
    </Filter>
    <Filter Include="Header Files\TouchGFX\platform\hal\simulator\sdl2">
      <UniqueIdentifier>{EA3962C0-553C-4CFD-A89B-A116A9493818}</UniqueIdentifier>
    </Filter>
    <Filter Include="Header Files\generated">
      <UniqueIdentifier>{29C60541-803D-4F44-8783-028D9DA5E0CC}</UniqueIdentifier>
    </Filter>
    <Filter Include="Header Files\generated\simulator">
      <UniqueIdentifier>{29C60541-803D-4F43-8683-028D9DA5E0CC}</UniqueIdentifier>
    </Filter>
    <Filter Include="Resource Files">
      <UniqueIdentifier>{92BBFF14-FBDB-4755-BA47-A830D863D92B}</UniqueIdentifier>
      <Extensions>rc;ico;cur;bmp;dlg;rc2;rct;bin;rgs;gif;jpg;jpeg;jpe;resx;tiff;tif;ttf;otf;bdf;png;wav;xml;props;mfcribbon-ms</Extensions>
    </Filter>
    <Filter Include="Resource Files\assets">
      <UniqueIdentifier>{AF899B0F-78BE-47F9-A912-E92CB9156E40}</UniqueIdentifier>
    </Filter>
    <Filter Include="Resource Files\config">
      <UniqueIdentifier>{29E8A9F8-6504-4625-AB47-671A3F665E51}</UniqueIdentifier>
    </Filter>
    <Filter Include="Resource Files\assets\texts">
      <UniqueIdentifier>{382278FD-2B19-4E89-AE4F-24AF77E7A270}</UniqueIdentifier>
    </Filter>
    <Filter Include="Resource Files\config\msvs">
      <UniqueIdentifier>{C24EAEDB-9A3F-43DC-87FB-C7AC2729A078}</UniqueIdentifier>
    </Filter>
    <Filter Include="Source Files">
      <UniqueIdentifier>{2F3FC0AA-97C4-4366-9939-94A0FF4E028C}</UniqueIdentifier>
      <Extensions>cpp;c;cc;cxx;def;odl;idl;hpj;bat;asm;asmx</Extensions>
    </Filter>
    <Filter Include="Source Files\TouchGFX">
      <UniqueIdentifier>{C07B02A9-A55E-47AA-AD61-59A6AAD754E6}</UniqueIdentifier>
    </Filter>
    <Filter Include="Source Files\TouchGFX\platform">
      <UniqueIdentifier>{33EDC2DB-AF72-480C-92E5-2A2833BCAB6F}</UniqueIdentifier>
    </Filter>
    <Filter Include="Source Files\TouchGFX\platform\driver">
      <UniqueIdentifier>{1D8EFD90-430A-4539-9080-16A38861D20A}</UniqueIdentifier>
    </Filter>
    <Filter Include="Source Files\TouchGFX\platform\hal">
      <UniqueIdentifier>{E8DECBF2-0C8E-4397-8603-3101D6F922D6}</UniqueIdentifier>
    </Filter>
    <Filter Include="Source Files\TouchGFX\platform\driver\touch">
      <UniqueIdentifier>{40F0D55D-79D9-488A-AF83-ADC96179EADF}</UniqueIdentifier>
    </Filter>
    <Filter Include="Source Files\TouchGFX\platform\hal\simulator">
      <UniqueIdentifier>{3FB50DD5-31DA-4042-B7FD-2151C58CDA80}</UniqueIdentifier>
    </Filter>
    <Filter Include="Source Files\TouchGFX\platform\hal\simulator\sdl2">
      <UniqueIdentifier>{B48CB42B-0F9E-4815-BFE1-1ACC1150ED8A}</UniqueIdentifier>
    </Filter>
    <Filter Include="Source Files\simulator">
      <UniqueIdentifier>{C07B03A9-A55E-47AA-AD61-59A6AAD754E6}</UniqueIdentifier>
    </Filter>
    <Filter Include="Source Files\generated">
      <UniqueIdentifier>{C07B02B9-A55E-47AB-AD61-59A6AAD754E6}</UniqueIdentifier>
    </Filter>
    <Filter Include="Source Files\generated\simulator">
      <UniqueIdentifier>{C07B02B9-A55E-47AA-AD61-59A6AAD754E6}</UniqueIdentifier>
    </Filter>
    <Filter Include="Header Files\gui">
      <UniqueIdentifier>53DE49C3-FBF8-B311-CC02-F41EBFE24DCE</UniqueIdentifier>
    </Filter>
    <Filter Include="Source Files\gui">
      <UniqueIdentifier>D8B1D79F-F1D4-D02B-1443-289B347AD48F</UniqueIdentifier>
    </Filter>
    <Filter Include="Source Files\gui\eggscreen_screen">
      <UniqueIdentifier>69D9BB9D-0DA3-F5B8-24AD-D33687BA5AEA</UniqueIdentifier>
    </Filter>
    <Filter Include="Header Files\gui\containers">
      <UniqueIdentifier>F6B0F125-CFF5-A715-8165-058F5EC64828</UniqueIdentifier>
    </Filter>
    <Filter Include="Header Files\generated\gui_generated">
      <UniqueIdentifier>DE7EAD62-FC8A-EC82-EBE2-318BA4F0C4D1</UniqueIdentifier>
    </Filter>
    <Filter Include="Source Files\generated\gui_generated">
      <UniqueIdentifier>4DFFF070-2FE9-F3AD-0811-8352BFF90353</UniqueIdentifier>
    </Filter>
    <Filter Include="Header Files\gui\eggscreen_screen">
      <UniqueIdentifier>C331481E-08F4-916A-A60E-04DC618DA100</UniqueIdentifier>
    </Filter>
    <Filter Include="Source Files\gui\containers">
      <UniqueIdentifier>17B8FA3C-A385-FB3C-77A0-9E46D26E7CEA</UniqueIdentifier>
    </Filter>
    <Filter Include="Source Files\gui\mainscreen_screen">
      <UniqueIdentifier>00047579-334B-678D-BF81-F562F024BF6E</UniqueIdentifier>
    </Filter>
    <Filter Include="Header Files\gui\mainscreen_screen">
      <UniqueIdentifier>A85A81EF-FBBD-8CBC-7DFB-4797F6C87BF6</UniqueIdentifier>
    </Filter>
    <Filter Include="Header Files\gui\common">
      <UniqueIdentifier>5361209F-5170-D13E-6BE2-BB317C419AB6</UniqueIdentifier>
    </Filter>
    <Filter Include="Source Files\gui\common">
      <UniqueIdentifier>B6A07FE8-B8E8-8812-BBEE-50DFADE479E1</UniqueIdentifier>
    </Filter>
    <Filter Include="Header Files\gui\LFT">
      <UniqueIdentifier>A22916AE-C101-0E93-FA67-D2B5782F48D3</UniqueIdentifier>
    </Filter>
    <Filter Include="Source Files\gui\LFT">
      <UniqueIdentifier>EFD7723B-43B4-37FD-7D1A-B412C69BC349</UniqueIdentifier>
    </Filter>
    <Filter Include="Source Files\gui\model">
      <UniqueIdentifier>79838265-80CC-9E72-7FD3-7A4A25F423CC</UniqueIdentifier>
    </Filter>
    <Filter Include="Header Files\gui\model">
      <UniqueIdentifier>BB2C3508-AA64-C9E0-7C84-DE90AC584598</UniqueIdentifier>
    </Filter>
    <Filter Include="Header Files\gui\touchtestscreen_screen">
      <UniqueIdentifier>54409533-8B9A-B6AF-E75D-F013C0E43D78</UniqueIdentifier>
    </Filter>
    <Filter Include="Source Files\gui\powerlossrecoveryscreen_screen">
      <UniqueIdentifier>D99EB5C2-D3E1-F968-8207-8F90B15FFC6F</UniqueIdentifier>
    </Filter>
    <Filter Include="Header Files\gui\powerlossrecoveryscreen_screen">
      <UniqueIdentifier>720B32F9-A9AC-5CCB-E1B4-A1AAEC290D03</UniqueIdentifier>
    </Filter>
    <Filter Include="Source Files\gui\usbmode_screen">
      <UniqueIdentifier>B3969F98-1506-F848-81C8-10549BF788D2</UniqueIdentifier>
    </Filter>
    <Filter Include="Source Files\gui\processscreen_screen">
      <UniqueIdentifier>94DDE378-E0CC-B33A-0727-0A3AB1FD5560</UniqueIdentifier>
    </Filter>
    <Filter Include="Header Files\gui\usbmode_screen">
      <UniqueIdentifier>D1A13F2D-9723-E659-D7BF-B508870AE9A0</UniqueIdentifier>
    </Filter>
    <Filter Include="Header Files\gui\processscreen_screen">
      <UniqueIdentifier>5C264980-BD5D-2A03-B4CE-8CD9BDC938D8</UniqueIdentifier>
    </Filter>
    <Filter Include="Source Files\gui\touchtestscreen_screen">
      <UniqueIdentifier>0EEC7481-ABF6-48BA-4534-55DB31D0CFC2</UniqueIdentifier>
    </Filter>
    <Filter Include="Header Files\gui\idlescreen_screen">
      <UniqueIdentifier>06599D1E-B4EA-072E-DFE2-2C86FED1762A</UniqueIdentifier>
    </Filter>
    <Filter Include="Source Files\gui\idlescreen_screen">
      <UniqueIdentifier>614A686D-D798-DEC8-4D83-CCFB0EC79479</UniqueIdentifier>
    </Filter>
    <Filter Include="Header Files\gui\graphscreen_screen">
      <UniqueIdentifier>FDA52862-F796-204E-96C3-FCD2D765C10B</UniqueIdentifier>
    </Filter>
    <Filter Include="Source Files\gui\settingsscreen_screen">
      <UniqueIdentifier>CC58D2CD-0D8F-3645-6F72-FEC562FDB5F9</UniqueIdentifier>
    </Filter>
    <Filter Include="Source Files\gui\graphscreen_screen">
      <UniqueIdentifier>9F16B293-EAD6-DFB4-E75B-9EB1E94F83AC</UniqueIdentifier>
    </Filter>
    <Filter Include="Header Files\gui\settingsscreen_screen">
      <UniqueIdentifier>B4766ED9-A026-FFE0-FB53-63426D503713</UniqueIdentifier>
    </Filter>
    <Filter Include="Source Files\gui\freda_screen">
      <UniqueIdentifier>E39A2869-6251-AC9A-06F7-1340508B7682</UniqueIdentifier>
    </Filter>
    <Filter Include="Header Files\gui\auditscreen_screen">
      <UniqueIdentifier>98049B78-0808-9B0A-5FEB-C85D26AA959B</UniqueIdentifier>
    </Filter>
    <Filter Include="Header Files\gui\freda_screen">
      <UniqueIdentifier>2B2793C1-48AA-A4C7-822D-BDC9D823F8FE</UniqueIdentifier>
    </Filter>
    <Filter Include="Source Files\gui\auditscreen_screen">
      <UniqueIdentifier>C2A652D4-4C63-38FB-3876-77D49A2CFB3B</UniqueIdentifier>
    </Filter>
    <Filter Include="Header Files\generated\gui_generated\containers">
      <UniqueIdentifier>C00ACAA0-511D-5282-CD93-F6547AAAE0A0</UniqueIdentifier>
    </Filter>
    <Filter Include="Source Files\generated\gui_generated\containers">
      <UniqueIdentifier>061E1C97-2088-DED9-1535-FCA38517A31F</UniqueIdentifier>
    </Filter>
    <Filter Include="Header Files\gui\LFT\Definitions">
      <UniqueIdentifier>BD55BBE0-04B6-3B68-665E-069E2B2729DA</UniqueIdentifier>
    </Filter>
    <Filter Include="Source Files\generated\gui_generated\auditscreen_screen">
      <UniqueIdentifier>0141949B-A23A-1033-D1E9-0F48BC7576E7</UniqueIdentifier>
    </Filter>
    <Filter Include="Header Files\generated\simulator\include">
      <UniqueIdentifier>2C1D438A-06D2-176F-0D20-904FD5B83A89</UniqueIdentifier>
    </Filter>
    <Filter Include="Source Files\generated\simulator\video">
      <UniqueIdentifier>2BC3D346-FF47-7396-B719-CE527613A7F9</UniqueIdentifier>
    </Filter>
    <Filter Include="Header Files\generated\gui_generated\common">
      <UniqueIdentifier>F04DA55A-A5B8-BF5E-BCD0-C2CF11FFC812</UniqueIdentifier>
    </Filter>
    <Filter Include="Header Files\generated\gui_generated\auditscreen_screen">
      <UniqueIdentifier>F18E1255-2344-DCD5-8D68-A4E700E49047</UniqueIdentifier>
    </Filter>
    <Filter Include="Header Files\generated\gui_generated\settingsscreen_screen">
      <UniqueIdentifier>8E510ABD-1926-F86B-D383-57CDEAC08181</UniqueIdentifier>
    </Filter>
    <Filter Include="Source Files\generated\gui_generated\settingsscreen_screen">
      <UniqueIdentifier>560B158E-4DFE-D530-28F2-0ABBD6DAB279</UniqueIdentifier>
    </Filter>
    <Filter Include="Source Files\gui\LFT\Definitions">
      <UniqueIdentifier>21C9ACF3-5E62-2DB0-F844-355739704584</UniqueIdentifier>
    </Filter>
    <Filter Include="Header Files\generated\gui_generated\processscreen_screen">
      <UniqueIdentifier>254A97FC-8795-418E-46DA-097E2EB57381</UniqueIdentifier>
    </Filter>
    <Filter Include="Source Files\generated\gui_generated\processscreen_screen">
      <UniqueIdentifier>905D1D10-B36F-D4C7-3A89-4FDA8D34954A</UniqueIdentifier>
    </Filter>
    <Filter Include="Header Files\generated\gui_generated\powerlossrecoveryscreen_screen">
      <UniqueIdentifier>8F9E8C29-42DD-15A1-0A75-2744AD01ADA8</UniqueIdentifier>
    </Filter>
    <Filter Include="Source Files\generated\gui_generated\powerlossrecoveryscreen_screen">
      <UniqueIdentifier>E30FBF3E-D68A-23D3-13E7-67ADE04B9F19</UniqueIdentifier>
    </Filter>
    <Filter Include="Header Files\gui\common\graph_widget">
      <UniqueIdentifier>78F01B66-7A01-DC13-278C-3707B457C950</UniqueIdentifier>
    </Filter>
    <Filter Include="Source Files\gui\common\graph_widget">
      <UniqueIdentifier>E6C46FF5-105C-3057-A38B-77512B40B191</UniqueIdentifier>
    </Filter>
    <Filter Include="Source Files\generated\gui_generated\touchtestscreen_screen">
      <UniqueIdentifier>69A8C18D-1A52-C75C-41B8-EFCC1AB6EA0A</UniqueIdentifier>
    </Filter>
    <Filter Include="Source Files\generated\gui_generated\freda_screen">
      <UniqueIdentifier>460341F6-3713-8AF7-1648-4785BFD555E3</UniqueIdentifier>
    </Filter>
    <Filter Include="Header Files\generated\gui_generated\touchtestscreen_screen">
      <UniqueIdentifier>B422273A-8DBE-6550-9D1F-2C12DDF23BF5</UniqueIdentifier>
    </Filter>
    <Filter Include="Header Files\generated\gui_generated\mainscreen_screen">
      <UniqueIdentifier>3507A96F-CCFD-C870-4AA0-5ABE1B02D763</UniqueIdentifier>
    </Filter>
    <Filter Include="Source Files\generated\gui_generated\mainscreen_screen">
      <UniqueIdentifier>5A81BD8F-7E6B-BBBA-E9B9-4ECF20016FE7</UniqueIdentifier>
    </Filter>
    <Filter Include="Source Files\generated\gui_generated\eggscreen_screen">
      <UniqueIdentifier>0C30C5BB-8ED9-63A8-78ED-57A8310DB020</UniqueIdentifier>
    </Filter>
    <Filter Include="Header Files\generated\gui_generated\eggscreen_screen">
      <UniqueIdentifier>33D88B9C-4952-AAC8-B141-AE91F3C98747</UniqueIdentifier>
    </Filter>
    <Filter Include="Header Files\generated\gui_generated\idlescreen_screen">
      <UniqueIdentifier>018E37AC-D833-B1E8-9897-328223B70739</UniqueIdentifier>
    </Filter>
    <Filter Include="Source Files\generated\gui_generated\idlescreen_screen">
      <UniqueIdentifier>B0AE1F36-4909-6337-3318-BF7A6CD281B6</UniqueIdentifier>
    </Filter>
    <Filter Include="Header Files\generated\gui_generated\graphscreen_screen">
      <UniqueIdentifier>E67310C2-2385-F52E-BBB1-445F933895E2</UniqueIdentifier>
    </Filter>
    <Filter Include="Source Files\generated\gui_generated\graphscreen_screen">
      <UniqueIdentifier>8838DEAD-EC55-8800-1203-3A038A72F518</UniqueIdentifier>
    </Filter>
    <Filter Include="Source Files\generated\gui_generated\usbmode_screen">
      <UniqueIdentifier>4C1F78C4-FBCC-A544-2EA6-A80619978696</UniqueIdentifier>
    </Filter>
    <Filter Include="Header Files\generated\gui_generated\usbmode_screen">
      <UniqueIdentifier>199C26F8-C254-EA21-48BF-05AC23091841</UniqueIdentifier>
    </Filter>
    <Filter Include="Source Files\generated\gui_generated\common">
      <UniqueIdentifier>29072D1E-C5B4-2601-1EBF-FAE7D3882E62</UniqueIdentifier>
    </Filter>
    <Filter Include="Header Files\generated\gui_generated\freda_screen">
      <UniqueIdentifier>65CEB73A-56A6-0703-0E66-FC3561AF553E</UniqueIdentifier>
    </Filter>
    <Filter Include="Header Files\generated\simulator\include\simulator">
      <UniqueIdentifier>5B22E3A3-83BF-324B-93DB-6868BB5BFC84</UniqueIdentifier>
    </Filter>
    <Filter Include="Header Files\generated\simulator\include\simulator\video">
      <UniqueIdentifier>11D1A278-431D-31BB-0F77-AB93E838089B</UniqueIdentifier>
    </Filter>
  </ItemGroup>
  <ItemGroup>
    <ClCompile Include="$(TouchGFXReleasePath)\framework\source\platform\driver\touch\SDL2TouchController.cpp">
      <Filter>Source Files\TouchGFX\platform\driver\touch</Filter>
    </ClCompile>
    <ClCompile Include="$(TouchGFXReleasePath)\framework\source\platform\hal\simulator\sdl2\HALSDL2.cpp">
      <Filter>Source Files\TouchGFX\platform\hal\simulator\sdl2</Filter>
    </ClCompile>
    <ClCompile Include="$(TouchGFXReleasePath)\framework\source\platform\hal\simulator\sdl2\HALSDL2_icon.cpp">
      <Filter>Source Files\TouchGFX\platform\hal\simulator\sdl2</Filter>
    </ClCompile>
    <ClCompile Include="$(TouchGFXReleasePath)\framework\source\platform\hal\simulator\sdl2\OSWrappers.cpp">
      <Filter>Source Files\TouchGFX\platform\hal\simulator\sdl2</Filter>
    </ClCompile>
    <ClCompile Include="$(ApplicationRoot)\simulator\main.cpp">
      <Filter>Source Files\simulator</Filter>
    </ClCompile>
    <ClCompile Include="$(ApplicationRoot)\generated\simulator\src\mainBase.cpp">
      <Filter>Source Files\generated\simulator</Filter>
    </ClCompile>
    <ClCompile Include="..\..\gui\src\containers\AbortingWindow.cpp">
      <Filter>Source Files\gui\containers</Filter>
    </ClCompile>
    <ClCompile Include="..\..\generated\gui_generated\src\containers\AbortingWindowBase.cpp">
      <Filter>Source Files\generated\gui_generated\containers</Filter>
    </ClCompile>
    <ClCompile Include="..\..\gui\src\common\graph_widget\AbstractGraph.cpp">
      <Filter>Source Files\gui\common\graph_widget</Filter>
    </ClCompile>
    <ClCompile Include="..\..\gui\src\containers\AuditLog.cpp">
      <Filter>Source Files\gui\containers</Filter>
    </ClCompile>
    <ClCompile Include="..\..\generated\gui_generated\src\containers\AuditLogBase.cpp">
      <Filter>Source Files\generated\gui_generated\containers</Filter>
    </ClCompile>
    <ClCompile Include="..\..\gui\src\auditscreen_screen\AuditScreenPresenter.cpp">
      <Filter>Source Files\gui\auditscreen_screen</Filter>
    </ClCompile>
    <ClCompile Include="..\..\gui\src\auditscreen_screen\AuditScreenView.cpp">
      <Filter>Source Files\gui\auditscreen_screen</Filter>
    </ClCompile>
    <ClCompile Include="..\..\generated\gui_generated\src\auditscreen_screen\AuditScreenViewBase.cpp">
      <Filter>Source Files\generated\gui_generated\auditscreen_screen</Filter>
    </ClCompile>
    <ClCompile Include="..\..\gui\src\containers\Background.cpp">
      <Filter>Source Files\gui\containers</Filter>
    </ClCompile>
    <ClCompile Include="..\..\generated\gui_generated\src\containers\BackgroundBase.cpp">
      <Filter>Source Files\generated\gui_generated\containers</Filter>
    </ClCompile>
    <ClCompile Include="..\..\gui\src\common\CustomKeyboard.cpp">
      <Filter>Source Files\gui\common</Filter>
    </ClCompile>
    <ClCompile Include="..\..\gui\src\common\date.cpp">
      <Filter>Source Files\gui\common</Filter>
    </ClCompile>
    <ClCompile Include="..\..\gui\src\containers\DatePicker.cpp">
      <Filter>Source Files\gui\containers</Filter>
    </ClCompile>
    <ClCompile Include="..\..\generated\gui_generated\src\containers\DatePickerBase.cpp">
      <Filter>Source Files\generated\gui_generated\containers</Filter>
    </ClCompile>
    <ClCompile Include="..\..\gui\src\containers\DeadSpaceAnimation.cpp">
      <Filter>Source Files\gui\containers</Filter>
    </ClCompile>
    <ClCompile Include="..\..\generated\gui_generated\src\containers\DeadSpaceAnimationBase.cpp">
      <Filter>Source Files\generated\gui_generated\containers</Filter>
    </ClCompile>
    <ClCompile Include="..\..\gui\src\eggscreen_screen\EggScreenPresenter.cpp">
      <Filter>Source Files\gui\eggscreen_screen</Filter>
    </ClCompile>
    <ClCompile Include="..\..\gui\src\eggscreen_screen\EggScreenView.cpp">
      <Filter>Source Files\gui\eggscreen_screen</Filter>
    </ClCompile>
    <ClCompile Include="..\..\generated\gui_generated\src\eggscreen_screen\EggScreenViewBase.cpp">
      <Filter>Source Files\generated\gui_generated\eggscreen_screen</Filter>
    </ClCompile>
    <ClCompile Include="..\..\gui\src\containers\EngineerOverlay.cpp">
      <Filter>Source Files\gui\containers</Filter>
    </ClCompile>
    <ClCompile Include="..\..\generated\gui_generated\src\containers\EngineerOverlayBase.cpp">
      <Filter>Source Files\generated\gui_generated\containers</Filter>
    </ClCompile>
    <ClCompile Include="..\..\gui\src\containers\ErrorBox.cpp">
      <Filter>Source Files\gui\containers</Filter>
    </ClCompile>
    <ClCompile Include="..\..\generated\gui_generated\src\containers\ErrorBoxBase.cpp">
      <Filter>Source Files\generated\gui_generated\containers</Filter>
    </ClCompile>
    <ClCompile Include="..\..\gui\src\containers\ExternalSwitchErrorWindow.cpp">
      <Filter>Source Files\gui\containers</Filter>
    </ClCompile>
    <ClCompile Include="..\..\generated\gui_generated\src\containers\ExternalSwitchErrorWindowBase.cpp">
      <Filter>Source Files\generated\gui_generated\containers</Filter>
    </ClCompile>
    <ClCompile Include="..\..\gui\src\containers\FilterStateMessage.cpp">
      <Filter>Source Files\gui\containers</Filter>
    </ClCompile>
    <ClCompile Include="..\..\generated\gui_generated\src\containers\FilterStateMessageBase.cpp">
      <Filter>Source Files\generated\gui_generated\containers</Filter>
    </ClCompile>
    <ClCompile Include="..\..\gui\src\freda_screen\FREDAPresenter.cpp">
      <Filter>Source Files\gui\freda_screen</Filter>
    </ClCompile>
    <ClCompile Include="..\..\gui\src\freda_screen\FREDAView.cpp">
      <Filter>Source Files\gui\freda_screen</Filter>
    </ClCompile>
    <ClCompile Include="..\..\generated\gui_generated\src\freda_screen\FREDAViewBase.cpp">
      <Filter>Source Files\generated\gui_generated\freda_screen</Filter>
    </ClCompile>
    <ClCompile Include="..\..\gui\src\common\FrontendApplication.cpp">
      <Filter>Source Files\gui\common</Filter>
    </ClCompile>
    <ClCompile Include="..\..\generated\gui_generated\src\common\FrontendApplicationBase.cpp">
      <Filter>Source Files\generated\gui_generated\common</Filter>
    </ClCompile>
    <ClCompile Include="..\..\gui\src\common\graph_widget\Graph.cpp">
      <Filter>Source Files\gui\common\graph_widget</Filter>
    </ClCompile>
    <ClCompile Include="..\..\gui\src\common\graph_widget\GraphBelow.cpp">
      <Filter>Source Files\gui\common\graph_widget</Filter>
    </ClCompile>
    <ClCompile Include="..\..\gui\src\common\graph_widget\GraphDots.cpp">
      <Filter>Source Files\gui\common\graph_widget</Filter>
    </ClCompile>
    <ClCompile Include="..\..\gui\src\common\graph_widget\GraphLine.cpp">
      <Filter>Source Files\gui\common\graph_widget</Filter>
    </ClCompile>
    <ClCompile Include="..\..\gui\src\graphscreen_screen\GraphScreenPresenter.cpp">
      <Filter>Source Files\gui\graphscreen_screen</Filter>
    </ClCompile>
    <ClCompile Include="..\..\gui\src\graphscreen_screen\GraphScreenView.cpp">
      <Filter>Source Files\gui\graphscreen_screen</Filter>
    </ClCompile>
    <ClCompile Include="..\..\generated\gui_generated\src\graphscreen_screen\GraphScreenViewBase.cpp">
      <Filter>Source Files\generated\gui_generated\graphscreen_screen</Filter>
    </ClCompile>
    <ClCompile Include="..\..\gui\src\idlescreen_screen\IdleScreenPresenter.cpp">
      <Filter>Source Files\gui\idlescreen_screen</Filter>
    </ClCompile>
    <ClCompile Include="..\..\gui\src\idlescreen_screen\IdleScreenView.cpp">
      <Filter>Source Files\gui\idlescreen_screen</Filter>
    </ClCompile>
    <ClCompile Include="..\..\generated\gui_generated\src\idlescreen_screen\IdleScreenViewBase.cpp">
      <Filter>Source Files\generated\gui_generated\idlescreen_screen</Filter>
    </ClCompile>
    <ClCompile Include="..\..\gui\src\containers\InternalSwitchError.cpp">
      <Filter>Source Files\gui\containers</Filter>
    </ClCompile>
    <ClCompile Include="..\..\generated\gui_generated\src\containers\InternalSwitchErrorBase.cpp">
      <Filter>Source Files\generated\gui_generated\containers</Filter>
    </ClCompile>
    <ClCompile Include="..\..\gui\src\containers\Keypad.cpp">
      <Filter>Source Files\gui\containers</Filter>
    </ClCompile>
    <ClCompile Include="..\..\generated\gui_generated\src\containers\KeypadBase.cpp">
      <Filter>Source Files\generated\gui_generated\containers</Filter>
    </ClCompile>
    <ClCompile Include="..\..\gui\src\common\Lever.cpp">
      <Filter>Source Files\gui\common</Filter>
    </ClCompile>
    <ClCompile Include="..\..\gui\src\LFT\LFT.cpp">
      <Filter>Source Files\gui\LFT</Filter>
    </ClCompile>
    <ClCompile Include="..\..\gui\src\LFT\LFT_Auto.cpp">
      <Filter>Source Files\gui\LFT</Filter>
    </ClCompile>
    <ClCompile Include="..\..\gui\src\LFT\LFT_AutoClean.cpp">
      <Filter>Source Files\gui\LFT</Filter>
    </ClCompile>
    <ClCompile Include="..\..\gui\src\LFT\LFT_Information.cpp">
      <Filter>Source Files\gui\LFT</Filter>
    </ClCompile>
    <ClCompile Include="..\..\gui\src\LFT\LFT_Logs.cpp">
      <Filter>Source Files\gui\LFT</Filter>
    </ClCompile>
    <ClCompile Include="..\..\gui\src\LFT\LFT_Manual.cpp">
      <Filter>Source Files\gui\LFT</Filter>
    </ClCompile>
    <ClCompile Include="..\..\gui\src\LFT\LFT_ProductionTests.cpp">
      <Filter>Source Files\gui\LFT</Filter>
    </ClCompile>
    <ClCompile Include="..\..\gui\src\LFT\LFT_Settings.cpp">
      <Filter>Source Files\gui\LFT</Filter>
    </ClCompile>
    <ClCompile Include="..\..\gui\src\common\LFTDebug.cpp">
      <Filter>Source Files\gui\common</Filter>
    </ClCompile>
    <ClCompile Include="..\..\gui\src\containers\LogsExporting.cpp">
      <Filter>Source Files\gui\containers</Filter>
    </ClCompile>
    <ClCompile Include="..\..\generated\gui_generated\src\containers\LogsExportingBase.cpp">
      <Filter>Source Files\generated\gui_generated\containers</Filter>
    </ClCompile>
    <ClCompile Include="..\..\gui\src\mainscreen_screen\MainScreenPresenter.cpp">
      <Filter>Source Files\gui\mainscreen_screen</Filter>
    </ClCompile>
    <ClCompile Include="..\..\gui\src\mainscreen_screen\MainScreenView.cpp">
      <Filter>Source Files\gui\mainscreen_screen</Filter>
    </ClCompile>
    <ClCompile Include="..\..\generated\gui_generated\src\mainscreen_screen\MainScreenViewBase.cpp">
      <Filter>Source Files\generated\gui_generated\mainscreen_screen</Filter>
    </ClCompile>
    <ClCompile Include="..\..\gui\src\model\Model.cpp">
      <Filter>Source Files\gui\model</Filter>
    </ClCompile>
    <ClCompile Include="..\..\gui\src\containers\MsgBox.cpp">
      <Filter>Source Files\gui\containers</Filter>
    </ClCompile>
    <ClCompile Include="..\..\generated\gui_generated\src\containers\MsgBoxBase.cpp">
      <Filter>Source Files\generated\gui_generated\containers</Filter>
    </ClCompile>
    <ClCompile Include="..\..\gui\src\common\graph_widget\PainterVerticalAlpha.cpp">
      <Filter>Source Files\gui\common\graph_widget</Filter>
    </ClCompile>
    <ClCompile Include="..\..\gui\src\common\PatternCode.cpp">
      <Filter>Source Files\gui\common</Filter>
    </ClCompile>
    <ClCompile Include="..\..\gui\src\common\Pong.cpp">
      <Filter>Source Files\gui\common</Filter>
    </ClCompile>
    <ClCompile Include="..\..\gui\src\powerlossrecoveryscreen_screen\PowerlossRecoveryScreenPresenter.cpp">
      <Filter>Source Files\gui\powerlossrecoveryscreen_screen</Filter>
    </ClCompile>
    <ClCompile Include="..\..\gui\src\powerlossrecoveryscreen_screen\PowerlossRecoveryScreenView.cpp">
      <Filter>Source Files\gui\powerlossrecoveryscreen_screen</Filter>
    </ClCompile>
    <ClCompile Include="..\..\generated\gui_generated\src\powerlossrecoveryscreen_screen\PowerlossRecoveryScreenViewBase.cpp">
      <Filter>Source Files\generated\gui_generated\powerlossrecoveryscreen_screen</Filter>
    </ClCompile>
    <ClCompile Include="..\..\gui\src\processscreen_screen\ProcessScreenPresenter.cpp">
      <Filter>Source Files\gui\processscreen_screen</Filter>
    </ClCompile>
    <ClCompile Include="..\..\gui\src\processscreen_screen\ProcessScreenView.cpp">
      <Filter>Source Files\gui\processscreen_screen</Filter>
    </ClCompile>
    <ClCompile Include="..\..\generated\gui_generated\src\processscreen_screen\ProcessScreenViewBase.cpp">
      <Filter>Source Files\generated\gui_generated\processscreen_screen</Filter>
    </ClCompile>
    <ClCompile Include="..\..\gui\src\common\ProductionTestStep.cpp">
      <Filter>Source Files\gui\common</Filter>
    </ClCompile>
    <ClCompile Include="..\..\gui\src\common\ProgressBar.cpp">
      <Filter>Source Files\gui\common</Filter>
    </ClCompile>
    <ClCompile Include="..\..\gui\src\LFT\Definitions\ProgressStages.cpp">
      <Filter>Source Files\gui\LFT\Definitions</Filter>
    </ClCompile>
    <ClCompile Include="..\..\gui\src\settingsscreen_screen\SettingsScreenPresenter.cpp">
      <Filter>Source Files\gui\settingsscreen_screen</Filter>
    </ClCompile>
    <ClCompile Include="..\..\gui\src\settingsscreen_screen\SettingsScreenView.cpp">
      <Filter>Source Files\gui\settingsscreen_screen</Filter>
    </ClCompile>
    <ClCompile Include="..\..\generated\gui_generated\src\settingsscreen_screen\SettingsScreenViewBase.cpp">
      <Filter>Source Files\generated\gui_generated\settingsscreen_screen</Filter>
    </ClCompile>
    <ClCompile Include="..\..\generated\simulator\src\video\SoftwareMJPEGDecoder.cpp">
      <Filter>Source Files\generated\simulator\video</Filter>
    </ClCompile>
    <ClCompile Include="..\..\gui\src\common\String.cpp">
      <Filter>Source Files\gui\common</Filter>
    </ClCompile>
    <ClCompile Include="..\..\gui\src\containers\Tab.cpp">
      <Filter>Source Files\gui\containers</Filter>
    </ClCompile>
    <ClCompile Include="..\..\generated\gui_generated\src\containers\TabBase.cpp">
      <Filter>Source Files\generated\gui_generated\containers</Filter>
    </ClCompile>
    <ClCompile Include="..\..\gui\src\common\TextRadioButton.cpp">
      <Filter>Source Files\gui\common</Filter>
    </ClCompile>
    <ClCompile Include="..\..\gui\src\containers\TouchTest.cpp">
      <Filter>Source Files\gui\containers</Filter>
    </ClCompile>
    <ClCompile Include="..\..\generated\gui_generated\src\containers\TouchTestBase.cpp">
      <Filter>Source Files\generated\gui_generated\containers</Filter>
    </ClCompile>
    <ClCompile Include="..\..\gui\src\touchtestscreen_screen\TouchTestScreenPresenter.cpp">
      <Filter>Source Files\gui\touchtestscreen_screen</Filter>
    </ClCompile>
    <ClCompile Include="..\..\gui\src\touchtestscreen_screen\TouchTestScreenView.cpp">
      <Filter>Source Files\gui\touchtestscreen_screen</Filter>
    </ClCompile>
    <ClCompile Include="..\..\generated\gui_generated\src\touchtestscreen_screen\TouchTestScreenViewBase.cpp">
      <Filter>Source Files\generated\gui_generated\touchtestscreen_screen</Filter>
    </ClCompile>
    <ClCompile Include="..\..\gui\src\common\Unlock.cpp">
      <Filter>Source Files\gui\common</Filter>
    </ClCompile>
    <ClCompile Include="..\..\gui\src\containers\UsageInstructions.cpp">
      <Filter>Source Files\gui\containers</Filter>
    </ClCompile>
    <ClCompile Include="..\..\generated\gui_generated\src\containers\UsageInstructionsBase.cpp">
      <Filter>Source Files\generated\gui_generated\containers</Filter>
    </ClCompile>
    <ClCompile Include="..\..\gui\src\usbmode_screen\UsbModePresenter.cpp">
      <Filter>Source Files\gui\usbmode_screen</Filter>
    </ClCompile>
    <ClCompile Include="..\..\gui\src\usbmode_screen\UsbModeView.cpp">
      <Filter>Source Files\gui\usbmode_screen</Filter>
    </ClCompile>
    <ClCompile Include="..\..\generated\gui_generated\src\usbmode_screen\UsbModeViewBase.cpp">
      <Filter>Source Files\generated\gui_generated\usbmode_screen</Filter>
    </ClCompile>
    <ClCompile Include="..\..\gui\src\containers\ViewDiagnostics.cpp">
      <Filter>Source Files\gui\containers</Filter>
    </ClCompile>
    <ClCompile Include="..\..\generated\gui_generated\src\containers\ViewDiagnosticsBase.cpp">
      <Filter>Source Files\generated\gui_generated\containers</Filter>
    </ClCompile>
    <ClCompile Include="..\..\gui\src\containers\MoistureDetectedMessage.cpp">
      <Filter>Source Files\gui\containers</Filter>
    </ClCompile>
    <ClCompile Include="..\..\generated\gui_generated\src\containers\MoistureDetectedMessageBase.cpp">
      <Filter>Source Files\generated\gui_generated\containers</Filter>
    </ClCompile>
  </ItemGroup>
  <ItemGroup>
    <None Include="$(ApplicationRoot)\assets\texts\texts.xml">
      <Filter>Resource Files\assets\texts</Filter>
    </None>
    <None Include="$(ApplicationRoot)\config\msvs\Application.props">
      <Filter>Resource Files\config\msvs</Filter>
    </None>
  </ItemGroup>
  <ItemGroup>
    <ClInclude Include="$(TouchGFXReleasePath)\framework\include\common\AbstractPartition.hpp">
      <Filter>Header Files\TouchGFX\common</Filter>
    </ClInclude>
    <ClInclude Include="$(TouchGFXReleasePath)\framework\include\common\Meta.hpp">
      <Filter>Header Files\TouchGFX\common</Filter>
    </ClInclude>
    <ClInclude Include="$(TouchGFXReleasePath)\framework\include\common\Partition.hpp">
      <Filter>Header Files\TouchGFX\common</Filter>
    </ClInclude>
    <ClInclude Include="$(TouchGFXReleasePath)\framework\include\common\TouchGFXInit.hpp">
      <Filter>Header Files\TouchGFX\common</Filter>
    </ClInclude>
    <ClInclude Include="$(TouchGFXReleasePath)\framework\include\mvp\MVPApplication.hpp">
      <Filter>Header Files\TouchGFX\mvp</Filter>
    </ClInclude>
    <ClInclude Include="$(TouchGFXReleasePath)\framework\include\mvp\MVPHeap.hpp">
      <Filter>Header Files\TouchGFX\mvp</Filter>
    </ClInclude>
    <ClInclude Include="$(TouchGFXReleasePath)\framework\include\mvp\Presenter.hpp">
      <Filter>Header Files\TouchGFX\mvp</Filter>
    </ClInclude>
    <ClInclude Include="$(TouchGFXReleasePath)\framework\include\mvp\View.hpp">
      <Filter>Header Files\TouchGFX\mvp</Filter>
    </ClInclude>
    <ClInclude Include="$(TouchGFXReleasePath)\framework\include\platform\driver\lcd\LCD16bpp.hpp">
      <Filter>Header Files\TouchGFX\platform\driver\lcd</Filter>
    </ClInclude>
    <ClInclude Include="$(TouchGFXReleasePath)\framework\include\platform\driver\lcd\LCD1bpp.hpp">
      <Filter>Header Files\TouchGFX\platform\driver\lcd</Filter>
    </ClInclude>
    <ClInclude Include="$(TouchGFXReleasePath)\framework\include\platform\driver\lcd\LCD24bpp.hpp">
      <Filter>Header Files\TouchGFX\platform\driver\lcd</Filter>
    </ClInclude>
    <ClInclude Include="$(TouchGFXReleasePath)\framework\include\platform\driver\lcd\LCD2bpp.hpp">
      <Filter>Header Files\TouchGFX\platform\driver\lcd</Filter>
    </ClInclude>
    <ClInclude Include="$(TouchGFXReleasePath)\framework\include\platform\driver\lcd\LCD4bpp.hpp">
      <Filter>Header Files\TouchGFX\platform\driver\lcd</Filter>
    </ClInclude>
    <ClInclude Include="$(TouchGFXReleasePath)\framework\include\platform\driver\touch\SDL2TouchController.hpp">
      <Filter>Header Files\TouchGFX\platform\driver\touch</Filter>
    </ClInclude>
    <ClInclude Include="$(TouchGFXReleasePath)\framework\include\platform\hal\simulator\sdl2\HALSDL2.hpp">
      <Filter>Header Files\TouchGFX\platform\hal\simulator\sdl2</Filter>
    </ClInclude>
    <ClInclude Include="$(TouchGFXReleasePath)\framework\include\touchgfx\Application.hpp">
      <Filter>Header Files\TouchGFX\touchgfx</Filter>
    </ClInclude>
    <ClInclude Include="$(TouchGFXReleasePath)\framework\include\touchgfx\Bitmap.hpp">
      <Filter>Header Files\TouchGFX\touchgfx</Filter>
    </ClInclude>
    <ClInclude Include="$(TouchGFXReleasePath)\framework\include\touchgfx\Callback.hpp">
      <Filter>Header Files\TouchGFX\touchgfx</Filter>
    </ClInclude>
    <ClInclude Include="$(TouchGFXReleasePath)\framework\include\touchgfx\canvas_widget_renderer\CanvasWidgetRenderer.hpp">
      <Filter>Header Files\TouchGFX\touchgfx\canvas_widget_renderer</Filter>
    </ClInclude>
    <ClInclude Include="$(TouchGFXReleasePath)\framework\include\touchgfx\canvas_widget_renderer\Cell.hpp">
      <Filter>Header Files\TouchGFX\touchgfx\canvas_widget_renderer</Filter>
    </ClInclude>
    <ClInclude Include="$(TouchGFXReleasePath)\framework\include\touchgfx\canvas_widget_renderer\Outline.hpp">
      <Filter>Header Files\TouchGFX\touchgfx\canvas_widget_renderer</Filter>
    </ClInclude>
    <ClInclude Include="$(TouchGFXReleasePath)\framework\include\touchgfx\canvas_widget_renderer\Rasterizer.hpp">
      <Filter>Header Files\TouchGFX\touchgfx\canvas_widget_renderer</Filter>
    </ClInclude>
    <ClInclude Include="$(TouchGFXReleasePath)\framework\include\touchgfx\canvas_widget_renderer\Renderer.hpp">
      <Filter>Header Files\TouchGFX\touchgfx\canvas_widget_renderer</Filter>
    </ClInclude>
    <ClInclude Include="$(TouchGFXReleasePath)\framework\include\touchgfx\canvas_widget_renderer\RenderingBuffer.hpp">
      <Filter>Header Files\TouchGFX\touchgfx\canvas_widget_renderer</Filter>
    </ClInclude>
    <ClInclude Include="$(TouchGFXReleasePath)\framework\include\touchgfx\canvas_widget_renderer\RGBA8.hpp">
      <Filter>Header Files\TouchGFX\touchgfx\canvas_widget_renderer</Filter>
    </ClInclude>
    <ClInclude Include="$(TouchGFXReleasePath)\framework\include\touchgfx\canvas_widget_renderer\Scanline.hpp">
      <Filter>Header Files\TouchGFX\touchgfx\canvas_widget_renderer</Filter>
    </ClInclude>
    <ClInclude Include="$(TouchGFXReleasePath)\framework\include\touchgfx\Color.hpp">
      <Filter>Header Files\TouchGFX\touchgfx</Filter>
    </ClInclude>
    <ClInclude Include="$(TouchGFXReleasePath)\framework\include\touchgfx\ConstFont.hpp">
      <Filter>Header Files\TouchGFX\touchgfx</Filter>
    </ClInclude>
    <ClInclude Include="$(TouchGFXReleasePath)\framework\include\touchgfx\containers\clock\AbstractClock.hpp">
      <Filter>Header Files\TouchGFX\touchgfx\containers\clock</Filter>
    </ClInclude>
    <ClInclude Include="$(TouchGFXReleasePath)\framework\include\touchgfx\containers\clock\AnalogClock.hpp">
      <Filter>Header Files\TouchGFX\touchgfx\containers\clock</Filter>
    </ClInclude>
    <ClInclude Include="$(TouchGFXReleasePath)\framework\include\touchgfx\containers\clock\DigitalClock.hpp">
      <Filter>Header Files\TouchGFX\touchgfx\containers\clock</Filter>
    </ClInclude>
    <ClInclude Include="$(TouchGFXReleasePath)\framework\include\touchgfx\containers\Container.hpp">
      <Filter>Header Files\TouchGFX\touchgfx\containers</Filter>
    </ClInclude>
    <ClInclude Include="$(TouchGFXReleasePath)\framework\include\touchgfx\containers\ListLayout.hpp">
      <Filter>Header Files\TouchGFX\touchgfx\containers</Filter>
    </ClInclude>
    <ClInclude Include="$(TouchGFXReleasePath)\framework\include\touchgfx\containers\ModalWindow.hpp">
      <Filter>Header Files\TouchGFX\touchgfx\containers</Filter>
    </ClInclude>
    <ClInclude Include="$(TouchGFXReleasePath)\framework\include\touchgfx\containers\progress_indicators\AbstractDirectionProgress.hpp">
      <Filter>Header Files\TouchGFX\touchgfx\containers\progress_indicators</Filter>
    </ClInclude>
    <ClInclude Include="$(TouchGFXReleasePath)\framework\include\touchgfx\containers\progress_indicators\AbstractProgressIndicator.hpp">
      <Filter>Header Files\TouchGFX\touchgfx\containers\progress_indicators</Filter>
    </ClInclude>
    <ClInclude Include="$(TouchGFXReleasePath)\framework\include\touchgfx\containers\progress_indicators\BoxProgress.hpp">
      <Filter>Header Files\TouchGFX\touchgfx\containers\progress_indicators</Filter>
    </ClInclude>
    <ClInclude Include="$(TouchGFXReleasePath)\framework\include\touchgfx\containers\progress_indicators\CircleProgress.hpp">
      <Filter>Header Files\TouchGFX\touchgfx\containers\progress_indicators</Filter>
    </ClInclude>
    <ClInclude Include="$(TouchGFXReleasePath)\framework\include\touchgfx\containers\progress_indicators\ImageProgress.hpp">
      <Filter>Header Files\TouchGFX\touchgfx\containers\progress_indicators</Filter>
    </ClInclude>
    <ClInclude Include="$(TouchGFXReleasePath)\framework\include\touchgfx\containers\progress_indicators\LineProgress.hpp">
      <Filter>Header Files\TouchGFX\touchgfx\containers\progress_indicators</Filter>
    </ClInclude>
    <ClInclude Include="$(TouchGFXReleasePath)\framework\include\touchgfx\containers\progress_indicators\TextProgress.hpp">
      <Filter>Header Files\TouchGFX\touchgfx\containers\progress_indicators</Filter>
    </ClInclude>
    <ClInclude Include="$(TouchGFXReleasePath)\framework\include\touchgfx\containers\ScrollableContainer.hpp">
      <Filter>Header Files\TouchGFX\touchgfx\containers</Filter>
    </ClInclude>
    <ClInclude Include="$(TouchGFXReleasePath)\framework\include\touchgfx\containers\SlideMenu.hpp">
      <Filter>Header Files\TouchGFX\touchgfx\containers</Filter>
    </ClInclude>
    <ClInclude Include="$(TouchGFXReleasePath)\framework\include\touchgfx\containers\Slider.hpp">
      <Filter>Header Files\TouchGFX\touchgfx\containers</Filter>
    </ClInclude>
    <ClInclude Include="$(TouchGFXReleasePath)\framework\include\touchgfx\containers\ZoomAnimationImage.hpp">
      <Filter>Header Files\TouchGFX\touchgfx\containers</Filter>
    </ClInclude>
    <ClInclude Include="$(TouchGFXReleasePath)\framework\include\touchgfx\Drawable.hpp">
      <Filter>Header Files\TouchGFX\touchgfx</Filter>
    </ClInclude>
    <ClInclude Include="$(TouchGFXReleasePath)\framework\include\touchgfx\EasingEquations.hpp">
      <Filter>Header Files\TouchGFX\touchgfx</Filter>
    </ClInclude>
    <ClInclude Include="$(TouchGFXReleasePath)\framework\include\touchgfx\Event.hpp">
      <Filter>Header Files\TouchGFX\touchgfx</Filter>
    </ClInclude>
    <ClInclude Include="$(TouchGFXReleasePath)\framework\include\touchgfx\events\ClickEvent.hpp">
      <Filter>Header Files\TouchGFX\touchgfx\events</Filter>
    </ClInclude>
    <ClInclude Include="$(TouchGFXReleasePath)\framework\include\touchgfx\events\DragEvent.hpp">
      <Filter>Header Files\TouchGFX\touchgfx\events</Filter>
    </ClInclude>
    <ClInclude Include="$(TouchGFXReleasePath)\framework\include\touchgfx\events\GestureEvent.hpp">
      <Filter>Header Files\TouchGFX\touchgfx\events</Filter>
    </ClInclude>
    <ClInclude Include="$(TouchGFXReleasePath)\framework\include\touchgfx\Font.hpp">
      <Filter>Header Files\TouchGFX\touchgfx</Filter>
    </ClInclude>
    <ClInclude Include="$(TouchGFXReleasePath)\framework\include\touchgfx\FontManager.hpp">
      <Filter>Header Files\TouchGFX\touchgfx</Filter>
    </ClInclude>
    <ClInclude Include="$(TouchGFXReleasePath)\framework\include\touchgfx\hal\Atomic.hpp">
      <Filter>Header Files\TouchGFX\touchgfx\hal</Filter>
    </ClInclude>
    <ClInclude Include="$(TouchGFXReleasePath)\framework\include\touchgfx\hal\BlitOp.hpp">
      <Filter>Header Files\TouchGFX\touchgfx\hal</Filter>
    </ClInclude>
    <ClInclude Include="$(TouchGFXReleasePath)\framework\include\touchgfx\hal\BoardConfiguration.hpp">
      <Filter>Header Files\TouchGFX\touchgfx\hal</Filter>
    </ClInclude>
    <ClInclude Include="$(TouchGFXReleasePath)\framework\include\touchgfx\hal\Buttons.hpp">
      <Filter>Header Files\TouchGFX\touchgfx\hal</Filter>
    </ClInclude>
    <ClInclude Include="$(TouchGFXReleasePath)\framework\include\touchgfx\hal\Config.hpp">
      <Filter>Header Files\TouchGFX\touchgfx\hal</Filter>
    </ClInclude>
    <ClInclude Include="$(TouchGFXReleasePath)\framework\include\touchgfx\hal\DMA.hpp">
      <Filter>Header Files\TouchGFX\touchgfx\hal</Filter>
    </ClInclude>
    <ClInclude Include="$(TouchGFXReleasePath)\framework\include\touchgfx\hal\Gestures.hpp">
      <Filter>Header Files\TouchGFX\touchgfx\hal</Filter>
    </ClInclude>
    <ClInclude Include="$(TouchGFXReleasePath)\framework\include\touchgfx\hal\GPIO.hpp">
      <Filter>Header Files\TouchGFX\touchgfx\hal</Filter>
    </ClInclude>
    <ClInclude Include="$(TouchGFXReleasePath)\framework\include\touchgfx\hal\HAL.hpp">
      <Filter>Header Files\TouchGFX\touchgfx\hal</Filter>
    </ClInclude>
    <ClInclude Include="$(TouchGFXReleasePath)\framework\include\touchgfx\hal\LED.hpp">
      <Filter>Header Files\TouchGFX\touchgfx\hal</Filter>
    </ClInclude>
    <ClInclude Include="$(TouchGFXReleasePath)\framework\include\touchgfx\hal\NoDMA.hpp">
      <Filter>Header Files\TouchGFX\touchgfx\hal</Filter>
    </ClInclude>
    <ClInclude Include="$(TouchGFXReleasePath)\framework\include\touchgfx\hal\OSWrappers.hpp">
      <Filter>Header Files\TouchGFX\touchgfx\hal</Filter>
    </ClInclude>
    <ClInclude Include="$(TouchGFXReleasePath)\framework\include\touchgfx\hal\Types.hpp">
      <Filter>Header Files\TouchGFX\touchgfx\hal</Filter>
    </ClInclude>
    <ClInclude Include="$(TouchGFXReleasePath)\framework\include\touchgfx\InternalFlashFont.hpp">
      <Filter>Header Files\TouchGFX\touchgfx</Filter>
    </ClInclude>
    <ClInclude Include="$(TouchGFXReleasePath)\framework\include\touchgfx\JSMOCHelper.hpp">
      <Filter>Header Files\TouchGFX\touchgfx</Filter>
    </ClInclude>
    <ClInclude Include="$(TouchGFXReleasePath)\framework\include\touchgfx\lcd\LCD.hpp">
      <Filter>Header Files\TouchGFX\touchgfx\lcd</Filter>
    </ClInclude>
    <ClInclude Include="$(TouchGFXReleasePath)\framework\include\touchgfx\Math3D.hpp">
      <Filter>Header Files\TouchGFX\touchgfx</Filter>
    </ClInclude>
    <ClInclude Include="$(TouchGFXReleasePath)\framework\include\touchgfx\mixins\ClickListener.hpp">
      <Filter>Header Files\TouchGFX\touchgfx\mixins</Filter>
    </ClInclude>
    <ClInclude Include="$(TouchGFXReleasePath)\framework\include\touchgfx\mixins\Draggable.hpp">
      <Filter>Header Files\TouchGFX\touchgfx\mixins</Filter>
    </ClInclude>
    <ClInclude Include="$(TouchGFXReleasePath)\framework\include\touchgfx\mixins\FadeAnimator.hpp">
      <Filter>Header Files\TouchGFX\touchgfx\mixins</Filter>
    </ClInclude>
    <ClInclude Include="$(TouchGFXReleasePath)\framework\include\touchgfx\mixins\MoveAnimator.hpp">
      <Filter>Header Files\TouchGFX\touchgfx\mixins</Filter>
    </ClInclude>
    <ClInclude Include="$(TouchGFXReleasePath)\framework\include\touchgfx\mixins\PreRenderable.hpp">
      <Filter>Header Files\TouchGFX\touchgfx\mixins</Filter>
    </ClInclude>
    <ClInclude Include="$(TouchGFXReleasePath)\framework\include\touchgfx\mixins\Snapper.hpp">
      <Filter>Header Files\TouchGFX\touchgfx\mixins</Filter>
    </ClInclude>
    <ClInclude Include="$(TouchGFXReleasePath)\framework\include\touchgfx\Screen.hpp">
      <Filter>Header Files\TouchGFX\touchgfx</Filter>
    </ClInclude>
    <ClInclude Include="$(TouchGFXReleasePath)\framework\include\touchgfx\TextProvider.hpp">
      <Filter>Header Files\TouchGFX\touchgfx</Filter>
    </ClInclude>
    <ClInclude Include="$(TouchGFXReleasePath)\framework\include\touchgfx\Texts.hpp">
      <Filter>Header Files\TouchGFX\touchgfx</Filter>
    </ClInclude>
    <ClInclude Include="$(TouchGFXReleasePath)\framework\include\touchgfx\TextureMapTypes.hpp">
      <Filter>Header Files\TouchGFX\touchgfx</Filter>
    </ClInclude>
    <ClInclude Include="$(TouchGFXReleasePath)\framework\include\touchgfx\transforms\DisplayTransformation.hpp">
      <Filter>Header Files\TouchGFX\touchgfx\transforms</Filter>
    </ClInclude>
    <ClInclude Include="$(TouchGFXReleasePath)\framework\include\touchgfx\transforms\TouchCalibration.hpp">
      <Filter>Header Files\TouchGFX\touchgfx\transforms</Filter>
    </ClInclude>
    <ClInclude Include="$(TouchGFXReleasePath)\framework\include\touchgfx\transitions\NoTransition.hpp">
      <Filter>Header Files\TouchGFX\touchgfx\transitions</Filter>
    </ClInclude>
    <ClInclude Include="$(TouchGFXReleasePath)\framework\include\touchgfx\transitions\SlideTransition.hpp">
      <Filter>Header Files\TouchGFX\touchgfx\transitions</Filter>
    </ClInclude>
    <ClInclude Include="$(TouchGFXReleasePath)\framework\include\touchgfx\transitions\Transition.hpp">
      <Filter>Header Files\TouchGFX\touchgfx\transitions</Filter>
    </ClInclude>
    <ClInclude Include="$(TouchGFXReleasePath)\framework\include\touchgfx\TypedText.hpp">
      <Filter>Header Files\TouchGFX\touchgfx</Filter>
    </ClInclude>
    <ClInclude Include="$(TouchGFXReleasePath)\framework\include\touchgfx\UIEventListener.hpp">
      <Filter>Header Files\TouchGFX\touchgfx</Filter>
    </ClInclude>
    <ClInclude Include="$(TouchGFXReleasePath)\framework\include\touchgfx\Unicode.hpp">
      <Filter>Header Files\TouchGFX\touchgfx</Filter>
    </ClInclude>
    <ClInclude Include="$(TouchGFXReleasePath)\framework\include\touchgfx\Utils.hpp">
      <Filter>Header Files\TouchGFX\touchgfx</Filter>
    </ClInclude>
    <ClInclude Include="$(TouchGFXReleasePath)\framework\include\touchgfx\widgets\AbstractButton.hpp">
      <Filter>Header Files\TouchGFX\touchgfx\widgets</Filter>
    </ClInclude>
    <ClInclude Include="$(TouchGFXReleasePath)\framework\include\touchgfx\widgets\AnimatedImage.hpp">
      <Filter>Header Files\TouchGFX\touchgfx\widgets</Filter>
    </ClInclude>
    <ClInclude Include="$(TouchGFXReleasePath)\framework\include\touchgfx\widgets\AnimationTextureMapper.hpp">
      <Filter>Header Files\TouchGFX\touchgfx\widgets</Filter>
    </ClInclude>
    <ClInclude Include="$(TouchGFXReleasePath)\framework\include\touchgfx\widgets\Box.hpp">
      <Filter>Header Files\TouchGFX\touchgfx\widgets</Filter>
    </ClInclude>
    <ClInclude Include="$(TouchGFXReleasePath)\framework\include\touchgfx\widgets\Button.hpp">
      <Filter>Header Files\TouchGFX\touchgfx\widgets</Filter>
    </ClInclude>
    <ClInclude Include="$(TouchGFXReleasePath)\framework\include\touchgfx\widgets\ButtonWithIcon.hpp">
      <Filter>Header Files\TouchGFX\touchgfx\widgets</Filter>
    </ClInclude>
    <ClInclude Include="$(TouchGFXReleasePath)\framework\include\touchgfx\widgets\ButtonWithLabel.hpp">
      <Filter>Header Files\TouchGFX\touchgfx\widgets</Filter>
    </ClInclude>
    <ClInclude Include="$(TouchGFXReleasePath)\framework\include\touchgfx\widgets\canvas\AbstractPainter.hpp">
      <Filter>Header Files\TouchGFX\touchgfx\widgets\canvas</Filter>
    </ClInclude>
    <ClInclude Include="$(TouchGFXReleasePath)\framework\include\touchgfx\widgets\canvas\AbstractPainterBW.hpp">
      <Filter>Header Files\TouchGFX\touchgfx\widgets\canvas</Filter>
    </ClInclude>
    <ClInclude Include="$(TouchGFXReleasePath)\framework\include\touchgfx\widgets\canvas\AbstractPainterGRAY2.hpp">
      <Filter>Header Files\TouchGFX\touchgfx\widgets\canvas</Filter>
    </ClInclude>
    <ClInclude Include="$(TouchGFXReleasePath)\framework\include\touchgfx\widgets\canvas\AbstractPainterGRAY4.hpp">
      <Filter>Header Files\TouchGFX\touchgfx\widgets\canvas</Filter>
    </ClInclude>
    <ClInclude Include="$(TouchGFXReleasePath)\framework\include\touchgfx\widgets\canvas\AbstractPainterRGB565.hpp">
      <Filter>Header Files\TouchGFX\touchgfx\widgets\canvas</Filter>
    </ClInclude>
    <ClInclude Include="$(TouchGFXReleasePath)\framework\include\touchgfx\widgets\canvas\AbstractPainterRGB888.hpp">
      <Filter>Header Files\TouchGFX\touchgfx\widgets\canvas</Filter>
    </ClInclude>
    <ClInclude Include="$(TouchGFXReleasePath)\framework\include\touchgfx\widgets\canvas\AbstractShape.hpp">
      <Filter>Header Files\TouchGFX\touchgfx\widgets\canvas</Filter>
    </ClInclude>
    <ClInclude Include="$(TouchGFXReleasePath)\framework\include\touchgfx\widgets\canvas\Canvas.hpp">
      <Filter>Header Files\TouchGFX\touchgfx\widgets\canvas</Filter>
    </ClInclude>
    <ClInclude Include="$(TouchGFXReleasePath)\framework\include\touchgfx\widgets\canvas\CanvasWidget.hpp">
      <Filter>Header Files\TouchGFX\touchgfx\widgets\canvas</Filter>
    </ClInclude>
    <ClInclude Include="$(TouchGFXReleasePath)\framework\include\touchgfx\widgets\canvas\Circle.hpp">
      <Filter>Header Files\TouchGFX\touchgfx\widgets\canvas</Filter>
    </ClInclude>
    <ClInclude Include="$(TouchGFXReleasePath)\framework\include\touchgfx\widgets\canvas\CWRUtil.hpp">
      <Filter>Header Files\TouchGFX\touchgfx\widgets\canvas</Filter>
    </ClInclude>
    <ClInclude Include="$(TouchGFXReleasePath)\framework\include\touchgfx\widgets\canvas\Line.hpp">
      <Filter>Header Files\TouchGFX\touchgfx\widgets\canvas</Filter>
    </ClInclude>
    <ClInclude Include="$(TouchGFXReleasePath)\framework\include\touchgfx\widgets\canvas\PainterBW.hpp">
      <Filter>Header Files\TouchGFX\touchgfx\widgets\canvas</Filter>
    </ClInclude>
    <ClInclude Include="$(TouchGFXReleasePath)\framework\include\touchgfx\widgets\canvas\PainterGRAY2.hpp">
      <Filter>Header Files\TouchGFX\touchgfx\widgets\canvas</Filter>
    </ClInclude>
    <ClInclude Include="$(TouchGFXReleasePath)\framework\include\touchgfx\widgets\canvas\PainterGRAY2Bitmap.hpp">
      <Filter>Header Files\TouchGFX\touchgfx\widgets\canvas</Filter>
    </ClInclude>
    <ClInclude Include="$(TouchGFXReleasePath)\framework\include\touchgfx\widgets\canvas\PainterGRAY4.hpp">
      <Filter>Header Files\TouchGFX\touchgfx\widgets\canvas</Filter>
    </ClInclude>
    <ClInclude Include="$(TouchGFXReleasePath)\framework\include\touchgfx\widgets\canvas\PainterGRAY4Bitmap.hpp">
      <Filter>Header Files\TouchGFX\touchgfx\widgets\canvas</Filter>
    </ClInclude>
    <ClInclude Include="$(TouchGFXReleasePath)\framework\include\touchgfx\widgets\canvas\PainterRGB565.hpp">
      <Filter>Header Files\TouchGFX\touchgfx\widgets\canvas</Filter>
    </ClInclude>
    <ClInclude Include="$(TouchGFXReleasePath)\framework\include\touchgfx\widgets\canvas\PainterRGB565Bitmap.hpp">
      <Filter>Header Files\TouchGFX\touchgfx\widgets\canvas</Filter>
    </ClInclude>
    <ClInclude Include="$(TouchGFXReleasePath)\framework\include\touchgfx\widgets\canvas\PainterRGB888.hpp">
      <Filter>Header Files\TouchGFX\touchgfx\widgets\canvas</Filter>
    </ClInclude>
    <ClInclude Include="$(TouchGFXReleasePath)\framework\include\touchgfx\widgets\canvas\PainterRGB888Bitmap.hpp">
      <Filter>Header Files\TouchGFX\touchgfx\widgets\canvas</Filter>
    </ClInclude>
    <ClInclude Include="$(TouchGFXReleasePath)\framework\include\touchgfx\widgets\canvas\Shape.hpp">
      <Filter>Header Files\TouchGFX\touchgfx\widgets\canvas</Filter>
    </ClInclude>
    <ClInclude Include="$(TouchGFXReleasePath)\framework\include\touchgfx\widgets\Image.hpp">
      <Filter>Header Files\TouchGFX\touchgfx\widgets</Filter>
    </ClInclude>
    <ClInclude Include="$(TouchGFXReleasePath)\framework\include\touchgfx\widgets\Keyboard.hpp">
      <Filter>Header Files\TouchGFX\touchgfx\widgets</Filter>
    </ClInclude>
    <ClInclude Include="$(TouchGFXReleasePath)\framework\include\touchgfx\widgets\PixelDataWidget.hpp">
      <Filter>Header Files\TouchGFX\touchgfx\widgets</Filter>
    </ClInclude>
    <ClInclude Include="$(TouchGFXReleasePath)\framework\include\touchgfx\widgets\RadioButton.hpp">
      <Filter>Header Files\TouchGFX\touchgfx\widgets</Filter>
    </ClInclude>
    <ClInclude Include="$(TouchGFXReleasePath)\framework\include\touchgfx\widgets\RadioButtonGroup.hpp">
      <Filter>Header Files\TouchGFX\touchgfx\widgets</Filter>
    </ClInclude>
    <ClInclude Include="$(TouchGFXReleasePath)\framework\include\touchgfx\widgets\RepeatButton.hpp">
      <Filter>Header Files\TouchGFX\touchgfx\widgets</Filter>
    </ClInclude>
    <ClInclude Include="$(TouchGFXReleasePath)\framework\include\touchgfx\widgets\ScalableImage.hpp">
      <Filter>Header Files\TouchGFX\touchgfx\widgets</Filter>
    </ClInclude>
    <ClInclude Include="$(TouchGFXReleasePath)\framework\include\touchgfx\widgets\SnapshotWidget.hpp">
      <Filter>Header Files\TouchGFX\touchgfx\widgets</Filter>
    </ClInclude>
    <ClInclude Include="$(TouchGFXReleasePath)\framework\include\touchgfx\widgets\TextArea.hpp">
      <Filter>Header Files\TouchGFX\touchgfx\widgets</Filter>
    </ClInclude>
    <ClInclude Include="$(TouchGFXReleasePath)\framework\include\touchgfx\widgets\TextAreaWithWildcard.hpp">
      <Filter>Header Files\TouchGFX\touchgfx\widgets</Filter>
    </ClInclude>
    <ClInclude Include="$(TouchGFXReleasePath)\framework\include\touchgfx\widgets\TextureMapper.hpp">
      <Filter>Header Files\TouchGFX\touchgfx\widgets</Filter>
    </ClInclude>
    <ClInclude Include="$(TouchGFXReleasePath)\framework\include\touchgfx\widgets\TiledImage.hpp">
      <Filter>Header Files\TouchGFX\touchgfx\widgets</Filter>
    </ClInclude>
    <ClInclude Include="$(TouchGFXReleasePath)\framework\include\touchgfx\widgets\ToggleButton.hpp">
      <Filter>Header Files\TouchGFX\touchgfx\widgets</Filter>
    </ClInclude>
    <ClInclude Include="$(TouchGFXReleasePath)\framework\include\touchgfx\widgets\TouchArea.hpp">
      <Filter>Header Files\TouchGFX\touchgfx\widgets</Filter>
    </ClInclude>
    <ClInclude Include="$(TouchGFXReleasePath)\framework\include\touchgfx\widgets\Widget.hpp">
      <Filter>Header Files\TouchGFX\touchgfx\widgets</Filter>
    </ClInclude>
    <ClInclude Include="$(ApplicationRoot)\generated\simulator\include\simulator\mainBase.hpp">
      <Filter>Header Files\generated\simulator</Filter>
    </ClInclude>
    <ClInclude Include="..\..\gui\include\gui\containers\AbortingWindow.hpp">
      <Filter>Header Files\gui\containers</Filter>
    </ClInclude>
    <ClInclude Include="..\..\generated\gui_generated\include\gui_generated\containers\AbortingWindowBase.hpp">
      <Filter>Header Files\generated\gui_generated\containers</Filter>
    </ClInclude>
    <ClInclude Include="..\..\gui\include\gui\common\graph_widget\AbstractGraph.hpp">
      <Filter>Header Files\gui\common\graph_widget</Filter>
    </ClInclude>
    <ClInclude Include="..\..\gui\include\gui\containers\AuditLog.hpp">
      <Filter>Header Files\gui\containers</Filter>
    </ClInclude>
    <ClInclude Include="..\..\generated\gui_generated\include\gui_generated\containers\AuditLogBase.hpp">
      <Filter>Header Files\generated\gui_generated\containers</Filter>
    </ClInclude>
    <ClInclude Include="..\..\gui\include\gui\auditscreen_screen\AuditScreenPresenter.hpp">
      <Filter>Header Files\gui\auditscreen_screen</Filter>
    </ClInclude>
    <ClInclude Include="..\..\gui\include\gui\auditscreen_screen\AuditScreenView.hpp">
      <Filter>Header Files\gui\auditscreen_screen</Filter>
    </ClInclude>
    <ClInclude Include="..\..\generated\gui_generated\include\gui_generated\auditscreen_screen\AuditScreenViewBase.hpp">
      <Filter>Header Files\generated\gui_generated\auditscreen_screen</Filter>
    </ClInclude>
    <ClInclude Include="..\..\gui\include\gui\containers\Background.hpp">
      <Filter>Header Files\gui\containers</Filter>
    </ClInclude>
    <ClInclude Include="..\..\generated\gui_generated\include\gui_generated\containers\BackgroundBase.hpp">
      <Filter>Header Files\generated\gui_generated\containers</Filter>
    </ClInclude>
    <ClInclude Include="..\..\gui\include\gui\common\Build.hpp">
      <Filter>Header Files\gui\common</Filter>
    </ClInclude>
    <ClInclude Include="..\..\gui\include\gui\common\Cipher.hpp">
      <Filter>Header Files\gui\common</Filter>
    </ClInclude>
    <ClInclude Include="..\..\gui\include\gui\common\CustomKeyboard.hpp">
      <Filter>Header Files\gui\common</Filter>
    </ClInclude>
    <ClInclude Include="..\..\gui\include\gui\common\date.hpp">
      <Filter>Header Files\gui\common</Filter>
    </ClInclude>
    <ClInclude Include="..\..\gui\include\gui\containers\DatePicker.hpp">
      <Filter>Header Files\gui\containers</Filter>
    </ClInclude>
    <ClInclude Include="..\..\generated\gui_generated\include\gui_generated\containers\DatePickerBase.hpp">
      <Filter>Header Files\generated\gui_generated\containers</Filter>
    </ClInclude>
    <ClInclude Include="..\..\gui\include\gui\containers\DeadSpaceAnimation.hpp">
      <Filter>Header Files\gui\containers</Filter>
    </ClInclude>
    <ClInclude Include="..\..\generated\gui_generated\include\gui_generated\containers\DeadSpaceAnimationBase.hpp">
      <Filter>Header Files\generated\gui_generated\containers</Filter>
    </ClInclude>
    <ClInclude Include="..\..\generated\simulator\include\simulator\video\DirectFrameBufferVideoController.hpp">
      <Filter>Header Files\generated\simulator\include\simulator\video</Filter>
    </ClInclude>
    <ClInclude Include="..\..\gui\include\gui\eggscreen_screen\EggScreenPresenter.hpp">
      <Filter>Header Files\gui\eggscreen_screen</Filter>
    </ClInclude>
    <ClInclude Include="..\..\gui\include\gui\eggscreen_screen\EggScreenView.hpp">
      <Filter>Header Files\gui\eggscreen_screen</Filter>
    </ClInclude>
    <ClInclude Include="..\..\generated\gui_generated\include\gui_generated\eggscreen_screen\EggScreenViewBase.hpp">
      <Filter>Header Files\generated\gui_generated\eggscreen_screen</Filter>
    </ClInclude>
    <ClInclude Include="..\..\gui\include\gui\containers\EngineerOverlay.hpp">
      <Filter>Header Files\gui\containers</Filter>
    </ClInclude>
    <ClInclude Include="..\..\generated\gui_generated\include\gui_generated\containers\EngineerOverlayBase.hpp">
      <Filter>Header Files\generated\gui_generated\containers</Filter>
    </ClInclude>
    <ClInclude Include="..\..\gui\include\gui\containers\ErrorBox.hpp">
      <Filter>Header Files\gui\containers</Filter>
    </ClInclude>
    <ClInclude Include="..\..\generated\gui_generated\include\gui_generated\containers\ErrorBoxBase.hpp">
      <Filter>Header Files\generated\gui_generated\containers</Filter>
    </ClInclude>
    <ClInclude Include="..\..\gui\include\gui\containers\ExternalSwitchErrorWindow.hpp">
      <Filter>Header Files\gui\containers</Filter>
    </ClInclude>
    <ClInclude Include="..\..\generated\gui_generated\include\gui_generated\containers\ExternalSwitchErrorWindowBase.hpp">
      <Filter>Header Files\generated\gui_generated\containers</Filter>
    </ClInclude>
    <ClInclude Include="..\..\gui\include\gui\containers\FilterStateMessage.hpp">
      <Filter>Header Files\gui\containers</Filter>
    </ClInclude>
    <ClInclude Include="..\..\generated\gui_generated\include\gui_generated\containers\FilterStateMessageBase.hpp">
      <Filter>Header Files\generated\gui_generated\containers</Filter>
    </ClInclude>
    <ClInclude Include="..\..\gui\include\gui\freda_screen\FREDAPresenter.hpp">
      <Filter>Header Files\gui\freda_screen</Filter>
    </ClInclude>
    <ClInclude Include="..\..\gui\include\gui\freda_screen\FREDAView.hpp">
      <Filter>Header Files\gui\freda_screen</Filter>
    </ClInclude>
    <ClInclude Include="..\..\generated\gui_generated\include\gui_generated\freda_screen\FREDAViewBase.hpp">
      <Filter>Header Files\generated\gui_generated\freda_screen</Filter>
    </ClInclude>
    <ClInclude Include="..\..\gui\include\gui\common\FrontendApplication.hpp">
      <Filter>Header Files\gui\common</Filter>
    </ClInclude>
    <ClInclude Include="..\..\generated\gui_generated\include\gui_generated\common\FrontendApplicationBase.hpp">
      <Filter>Header Files\generated\gui_generated\common</Filter>
    </ClInclude>
    <ClInclude Include="..\..\gui\include\gui\common\FrontendHeap.hpp">
      <Filter>Header Files\gui\common</Filter>
    </ClInclude>
    <ClInclude Include="..\..\generated\gui_generated\include\gui_generated\common\FrontendHeapBase.hpp">
      <Filter>Header Files\generated\gui_generated\common</Filter>
    </ClInclude>
    <ClInclude Include="..\..\gui\include\gui\common\graph_widget\Graph.hpp">
      <Filter>Header Files\gui\common\graph_widget</Filter>
    </ClInclude>
    <ClInclude Include="..\..\gui\include\gui\common\graph_widget\GraphBelow.hpp">
      <Filter>Header Files\gui\common\graph_widget</Filter>
    </ClInclude>
    <ClInclude Include="..\..\gui\include\gui\common\graph_widget\GraphDots.hpp">
      <Filter>Header Files\gui\common\graph_widget</Filter>
    </ClInclude>
    <ClInclude Include="..\..\gui\include\gui\common\graph_widget\GraphLine.hpp">
      <Filter>Header Files\gui\common\graph_widget</Filter>
    </ClInclude>
    <ClInclude Include="..\..\gui\include\gui\graphscreen_screen\GraphScreenPresenter.hpp">
      <Filter>Header Files\gui\graphscreen_screen</Filter>
    </ClInclude>
    <ClInclude Include="..\..\gui\include\gui\graphscreen_screen\GraphScreenView.hpp">
      <Filter>Header Files\gui\graphscreen_screen</Filter>
    </ClInclude>
    <ClInclude Include="..\..\generated\gui_generated\include\gui_generated\graphscreen_screen\GraphScreenViewBase.hpp">
      <Filter>Header Files\generated\gui_generated\graphscreen_screen</Filter>
    </ClInclude>
    <ClInclude Include="..\..\gui\include\gui\idlescreen_screen\IdleScreenPresenter.hpp">
      <Filter>Header Files\gui\idlescreen_screen</Filter>
    </ClInclude>
    <ClInclude Include="..\..\gui\include\gui\idlescreen_screen\IdleScreenView.hpp">
      <Filter>Header Files\gui\idlescreen_screen</Filter>
    </ClInclude>
    <ClInclude Include="..\..\generated\gui_generated\include\gui_generated\idlescreen_screen\IdleScreenViewBase.hpp">
      <Filter>Header Files\generated\gui_generated\idlescreen_screen</Filter>
    </ClInclude>
    <ClInclude Include="..\..\gui\include\gui\containers\InternalSwitchError.hpp">
      <Filter>Header Files\gui\containers</Filter>
    </ClInclude>
    <ClInclude Include="..\..\generated\gui_generated\include\gui_generated\containers\InternalSwitchErrorBase.hpp">
      <Filter>Header Files\generated\gui_generated\containers</Filter>
    </ClInclude>
    <ClInclude Include="..\..\gui\include\gui\common\KeyboardKeyMapping.hpp">
      <Filter>Header Files\gui\common</Filter>
    </ClInclude>
    <ClInclude Include="..\..\gui\include\gui\common\KeyboardLayout.hpp">
      <Filter>Header Files\gui\common</Filter>
    </ClInclude>
    <ClInclude Include="..\..\gui\include\gui\containers\Keypad.hpp">
      <Filter>Header Files\gui\containers</Filter>
    </ClInclude>
    <ClInclude Include="..\..\generated\gui_generated\include\gui_generated\containers\KeypadBase.hpp">
      <Filter>Header Files\generated\gui_generated\containers</Filter>
    </ClInclude>
    <ClInclude Include="..\..\gui\include\gui\common\Lever.hpp">
      <Filter>Header Files\gui\common</Filter>
    </ClInclude>
    <ClInclude Include="..\..\gui\include\gui\LFT\LFT.hpp">
      <Filter>Header Files\gui\LFT</Filter>
    </ClInclude>
    <ClInclude Include="..\..\gui\include\gui\LFT\LFT_Auto.hpp">
      <Filter>Header Files\gui\LFT</Filter>
    </ClInclude>
    <ClInclude Include="..\..\gui\include\gui\LFT\LFT_AutoClean.hpp">
      <Filter>Header Files\gui\LFT</Filter>
    </ClInclude>
    <ClInclude Include="..\..\gui\include\gui\LFT\LFT_Information.hpp">
      <Filter>Header Files\gui\LFT</Filter>
    </ClInclude>
    <ClInclude Include="..\..\gui\include\gui\LFT\LFT_Logs.hpp">
      <Filter>Header Files\gui\LFT</Filter>
    </ClInclude>
    <ClInclude Include="..\..\gui\include\gui\LFT\LFT_Manual.hpp">
      <Filter>Header Files\gui\LFT</Filter>
    </ClInclude>
    <ClInclude Include="..\..\gui\include\gui\LFT\LFT_ProductionTests.hpp">
      <Filter>Header Files\gui\LFT</Filter>
    </ClInclude>
    <ClInclude Include="..\..\gui\include\gui\LFT\LFT_Settings.hpp">
      <Filter>Header Files\gui\LFT</Filter>
    </ClInclude>
    <ClInclude Include="..\..\gui\include\gui\LFT\LFT_TestValues.hpp">
      <Filter>Header Files\gui\LFT</Filter>
    </ClInclude>
    <ClInclude Include="..\..\gui\include\gui\common\LFTDebug.hpp">
      <Filter>Header Files\gui\common</Filter>
    </ClInclude>
    <ClInclude Include="..\..\gui\include\gui\containers\LogsExporting.hpp">
      <Filter>Header Files\gui\containers</Filter>
    </ClInclude>
    <ClInclude Include="..\..\generated\gui_generated\include\gui_generated\containers\LogsExportingBase.hpp">
      <Filter>Header Files\generated\gui_generated\containers</Filter>
    </ClInclude>
    <ClInclude Include="..\..\gui\include\gui\mainscreen_screen\MainScreenPresenter.hpp">
      <Filter>Header Files\gui\mainscreen_screen</Filter>
    </ClInclude>
    <ClInclude Include="..\..\gui\include\gui\mainscreen_screen\MainScreenView.hpp">
      <Filter>Header Files\gui\mainscreen_screen</Filter>
    </ClInclude>
    <ClInclude Include="..\..\generated\gui_generated\include\gui_generated\mainscreen_screen\MainScreenViewBase.hpp">
      <Filter>Header Files\generated\gui_generated\mainscreen_screen</Filter>
    </ClInclude>
    <ClInclude Include="..\..\generated\simulator\include\simulator\video\MJPEGDecoder.hpp">
      <Filter>Header Files\generated\simulator\include\simulator\video</Filter>
    </ClInclude>
    <ClInclude Include="..\..\gui\include\gui\model\Model.hpp">
      <Filter>Header Files\gui\model</Filter>
    </ClInclude>
    <ClInclude Include="..\..\gui\include\gui\model\ModelListener.hpp">
      <Filter>Header Files\gui\model</Filter>
    </ClInclude>
    <ClInclude Include="..\..\gui\include\gui\containers\MsgBox.hpp">
      <Filter>Header Files\gui\containers</Filter>
    </ClInclude>
    <ClInclude Include="..\..\generated\gui_generated\include\gui_generated\containers\MsgBoxBase.hpp">
      <Filter>Header Files\generated\gui_generated\containers</Filter>
    </ClInclude>
    <ClInclude Include="..\..\gui\include\gui\common\graph_widget\PainterVerticalAlpha.hpp">
      <Filter>Header Files\gui\common\graph_widget</Filter>
    </ClInclude>
    <ClInclude Include="..\..\gui\include\gui\common\PatternCode.hpp">
      <Filter>Header Files\gui\common</Filter>
    </ClInclude>
    <ClInclude Include="..\..\gui\include\gui\common\Pong.hpp">
      <Filter>Header Files\gui\common</Filter>
    </ClInclude>
    <ClInclude Include="..\..\gui\include\gui\powerlossrecoveryscreen_screen\PowerlossRecoveryScreenPresenter.hpp">
      <Filter>Header Files\gui\powerlossrecoveryscreen_screen</Filter>
    </ClInclude>
    <ClInclude Include="..\..\gui\include\gui\powerlossrecoveryscreen_screen\PowerlossRecoveryScreenView.hpp">
      <Filter>Header Files\gui\powerlossrecoveryscreen_screen</Filter>
    </ClInclude>
    <ClInclude Include="..\..\generated\gui_generated\include\gui_generated\powerlossrecoveryscreen_screen\PowerlossRecoveryScreenViewBase.hpp">
      <Filter>Header Files\generated\gui_generated\powerlossrecoveryscreen_screen</Filter>
    </ClInclude>
    <ClInclude Include="..\..\gui\include\gui\processscreen_screen\ProcessScreenPresenter.hpp">
      <Filter>Header Files\gui\processscreen_screen</Filter>
    </ClInclude>
    <ClInclude Include="..\..\gui\include\gui\processscreen_screen\ProcessScreenView.hpp">
      <Filter>Header Files\gui\processscreen_screen</Filter>
    </ClInclude>
    <ClInclude Include="..\..\generated\gui_generated\include\gui_generated\processscreen_screen\ProcessScreenViewBase.hpp">
      <Filter>Header Files\generated\gui_generated\processscreen_screen</Filter>
    </ClInclude>
    <ClInclude Include="..\..\gui\include\gui\common\ProductionTestStep.hpp">
      <Filter>Header Files\gui\common</Filter>
    </ClInclude>
    <ClInclude Include="..\..\gui\include\gui\common\ProgressBar.hpp">
      <Filter>Header Files\gui\common</Filter>
    </ClInclude>
    <ClInclude Include="..\..\gui\include\gui\LFT\Definitions\ProgressStages.hpp">
      <Filter>Header Files\gui\LFT\Definitions</Filter>
    </ClInclude>
    <ClInclude Include="..\..\gui\include\gui\LFT\Definitions\RecoverLog.hpp">
      <Filter>Header Files\gui\LFT\Definitions</Filter>
    </ClInclude>
    <ClInclude Include="..\..\gui\include\gui\settingsscreen_screen\SettingsScreenPresenter.hpp">
      <Filter>Header Files\gui\settingsscreen_screen</Filter>
    </ClInclude>
    <ClInclude Include="..\..\gui\include\gui\settingsscreen_screen\SettingsScreenView.hpp">
      <Filter>Header Files\gui\settingsscreen_screen</Filter>
    </ClInclude>
    <ClInclude Include="..\..\generated\gui_generated\include\gui_generated\settingsscreen_screen\SettingsScreenViewBase.hpp">
      <Filter>Header Files\generated\gui_generated\settingsscreen_screen</Filter>
    </ClInclude>
    <ClInclude Include="..\..\generated\gui_generated\include\gui_generated\common\SimConstants.hpp">
      <Filter>Header Files\generated\gui_generated\common</Filter>
    </ClInclude>
    <ClInclude Include="..\..\generated\simulator\include\simulator\video\SoftwareMJPEGDecoder.hpp">
      <Filter>Header Files\generated\simulator\include\simulator\video</Filter>
    </ClInclude>
    <ClInclude Include="..\..\gui\include\gui\LFT\Definitions\Stages.hpp">
      <Filter>Header Files\gui\LFT\Definitions</Filter>
    </ClInclude>
    <ClInclude Include="..\..\gui\include\gui\common\String.hpp">
      <Filter>Header Files\gui\common</Filter>
    </ClInclude>
    <ClInclude Include="..\..\gui\include\gui\containers\Tab.hpp">
      <Filter>Header Files\gui\containers</Filter>
    </ClInclude>
    <ClInclude Include="..\..\generated\gui_generated\include\gui_generated\containers\TabBase.hpp">
      <Filter>Header Files\generated\gui_generated\containers</Filter>
    </ClInclude>
    <ClInclude Include="..\..\gui\include\gui\common\TextRadioButton.hpp">
      <Filter>Header Files\gui\common</Filter>
    </ClInclude>
    <ClInclude Include="..\..\gui\include\gui\common\ThreadSafe.hpp">
      <Filter>Header Files\gui\common</Filter>
    </ClInclude>
    <ClInclude Include="..\..\gui\include\gui\containers\TouchTest.hpp">
      <Filter>Header Files\gui\containers</Filter>
    </ClInclude>
    <ClInclude Include="..\..\generated\gui_generated\include\gui_generated\containers\TouchTestBase.hpp">
      <Filter>Header Files\generated\gui_generated\containers</Filter>
    </ClInclude>
    <ClInclude Include="..\..\gui\include\gui\touchtestscreen_screen\TouchTestScreenPresenter.hpp">
      <Filter>Header Files\gui\touchtestscreen_screen</Filter>
    </ClInclude>
    <ClInclude Include="..\..\gui\include\gui\touchtestscreen_screen\TouchTestScreenView.hpp">
      <Filter>Header Files\gui\touchtestscreen_screen</Filter>
    </ClInclude>
    <ClInclude Include="..\..\generated\gui_generated\include\gui_generated\touchtestscreen_screen\TouchTestScreenViewBase.hpp">
      <Filter>Header Files\generated\gui_generated\touchtestscreen_screen</Filter>
    </ClInclude>
    <ClInclude Include="..\..\gui\include\gui\common\Unlock.hpp">
      <Filter>Header Files\gui\common</Filter>
    </ClInclude>
    <ClInclude Include="..\..\gui\include\gui\containers\UsageInstructions.hpp">
      <Filter>Header Files\gui\containers</Filter>
    </ClInclude>
    <ClInclude Include="..\..\generated\gui_generated\include\gui_generated\containers\UsageInstructionsBase.hpp">
      <Filter>Header Files\generated\gui_generated\containers</Filter>
    </ClInclude>
    <ClInclude Include="..\..\gui\include\gui\usbmode_screen\UsbModePresenter.hpp">
      <Filter>Header Files\gui\usbmode_screen</Filter>
    </ClInclude>
    <ClInclude Include="..\..\gui\include\gui\usbmode_screen\UsbModeView.hpp">
      <Filter>Header Files\gui\usbmode_screen</Filter>
    </ClInclude>
    <ClInclude Include="..\..\generated\gui_generated\include\gui_generated\usbmode_screen\UsbModeViewBase.hpp">
      <Filter>Header Files\generated\gui_generated\usbmode_screen</Filter>
    </ClInclude>
    <ClInclude Include="..\..\gui\include\gui\common\Utils.hpp">
      <Filter>Header Files\gui\common</Filter>
    </ClInclude>
    <ClInclude Include="..\..\gui\include\gui\containers\ViewDiagnostics.hpp">
      <Filter>Header Files\gui\containers</Filter>
    </ClInclude>
    <ClInclude Include="..\..\generated\gui_generated\include\gui_generated\containers\ViewDiagnosticsBase.hpp">
      <Filter>Header Files\generated\gui_generated\containers</Filter>
    </ClInclude>
    <ClInclude Include="..\..\gui\include\gui\containers\MoistureDetectedMessage.hpp">
      <Filter>Header Files\gui\containers</Filter>
    </ClInclude>
    <ClInclude Include="..\..\generated\gui_generated\include\gui_generated\containers\MoistureDetectedMessageBase.hpp">
      <Filter>Header Files\generated\gui_generated\containers</Filter>
    </ClInclude>
  </ItemGroup>
  <ItemGroup>
    <ResourceCompile Include="$(ApplicationRoot)\generated\simulator\touchgfx.rc">
      <Filter>Resource Files</Filter>
    </ResourceCompile>
  </ItemGroup>
</Project>
