<?xml version="1.0" encoding="utf-8"?>
<Project xmlns="http://schemas.microsoft.com/developer/msbuild/2003" ToolsVersion="4.0">
  <ItemGroup>
    <Filter Include="Header Files">
      <UniqueIdentifier>{4D1BFFCC-9CEB-4ABF-A951-582870FE71FD}</UniqueIdentifier>
      <Extensions>h;hpp;hxx;hm;inl;inc;xsd</Extensions>
    </Filter>
    <Filter Include="Header Files\TouchGFX">
      <UniqueIdentifier>{29C60541-803D-4F43-8683-028D9DA5E0CB}</UniqueIdentifier>
    </Filter>
    <Filter Include="Header Files\TouchGFX\common">
      <UniqueIdentifier>{AF2BF67C-89EC-4545-B0D2-5BD6803628D4}</UniqueIdentifier>
    </Filter>
    <Filter Include="Header Files\TouchGFX\mvp">
      <UniqueIdentifier>{A8F51E02-A400-49F1-AC86-371872A7E5E6}</UniqueIdentifier>
    </Filter>
    <Filter Include="Header Files\TouchGFX\platform">
      <UniqueIdentifier>{493CF637-721C-4516-8638-3EE4790FB455}</UniqueIdentifier>
    </Filter>
    <Filter Include="Header Files\TouchGFX\touchgfx">
      <UniqueIdentifier>{7187028B-6482-4EB3-8556-EECD38E0636B}</UniqueIdentifier>
    </Filter>
    <Filter Include="Header Files\TouchGFX\platform\driver">
      <UniqueIdentifier>{D2E6B448-6B79-434F-A8EB-C8F8415957E9}</UniqueIdentifier>
    </Filter>
    <Filter Include="Header Files\TouchGFX\platform\hal">
      <UniqueIdentifier>{07737357-9365-4A8F-B2F6-908B5FC4E808}</UniqueIdentifier>
    </Filter>
    <Filter Include="Header Files\TouchGFX\touchgfx\canvas_widget_renderer">
      <UniqueIdentifier>{085B248B-6BE1-4BF8-9913-35526BAEE4C7}</UniqueIdentifier>
    </Filter>
    <Filter Include="Header Files\TouchGFX\touchgfx\containers">
      <UniqueIdentifier>{E08C6B18-2F0E-4861-87D5-80FB0411017E}</UniqueIdentifier>
    </Filter>
    <Filter Include="Header Files\TouchGFX\touchgfx\events">
      <UniqueIdentifier>{29D72404-E5CB-472C-B00F-3784DF3CCD1E}</UniqueIdentifier>
    </Filter>
    <Filter Include="Header Files\TouchGFX\touchgfx\hal">
      <UniqueIdentifier>{09561B72-532B-45EB-8E32-CAA31C349F83}</UniqueIdentifier>
    </Filter>
    <Filter Include="Header Files\TouchGFX\touchgfx\lcd">
      <UniqueIdentifier>{A89B6308-CBC1-48EC-BF14-B3C6106FACCE}</UniqueIdentifier>
    </Filter>
    <Filter Include="Header Files\TouchGFX\touchgfx\mixins">
      <UniqueIdentifier>{DB82A963-BE52-4494-BD5E-358C5E79C081}</UniqueIdentifier>
    </Filter>
    <Filter Include="Header Files\TouchGFX\touchgfx\transforms">
      <UniqueIdentifier>{509E01BB-FBF4-4198-B748-936C1B67839A}</UniqueIdentifier>
    </Filter>
    <Filter Include="Header Files\TouchGFX\touchgfx\transitions">
      <UniqueIdentifier>{3F023E56-225A-4D4C-9D20-74447A23BAD9}</UniqueIdentifier>
    </Filter>
    <Filter Include="Header Files\TouchGFX\touchgfx\widgets">
      <UniqueIdentifier>{0E9A8FD3-B71B-46B9-B1F6-3A18292FFAC4}</UniqueIdentifier>
    </Filter>
    <Filter Include="Header Files\TouchGFX\platform\driver\lcd">
      <UniqueIdentifier>{9B32A742-EBA9-4EBA-832E-0421D7E68BC5}</UniqueIdentifier>
    </Filter>
    <Filter Include="Header Files\TouchGFX\platform\driver\touch">
      <UniqueIdentifier>{8C31441B-2191-4B32-869D-7B253AECB28F}</UniqueIdentifier>
    </Filter>
    <Filter Include="Header Files\TouchGFX\platform\hal\simulator">
      <UniqueIdentifier>{464CC9FB-AFF6-4FFA-B4D8-BCAC4B2B8898}</UniqueIdentifier>
    </Filter>
    <Filter Include="Header Files\TouchGFX\touchgfx\containers\clock">
      <UniqueIdentifier>{B7237C13-DD69-4F78-8446-9A554431E3F8}</UniqueIdentifier>
    </Filter>
    <Filter Include="Header Files\TouchGFX\touchgfx\containers\progress_indicators">
      <UniqueIdentifier>{5E0E884F-0059-4306-94BA-3197219750E3}</UniqueIdentifier>
    </Filter>
    <Filter Include="Header Files\TouchGFX\touchgfx\widgets\canvas">
      <UniqueIdentifier>{DBFF640A-BD63-40BC-A0A5-2468BC461037}</UniqueIdentifier>
    </Filter>
    <Filter Include="Header Files\TouchGFX\platform\hal\simulator\sdl2">
      <UniqueIdentifier>{EA3962C0-553C-4CFD-A89B-A116A9493818}</UniqueIdentifier>
    </Filter>
    <Filter Include="Header Files\generated">
      <UniqueIdentifier>{29C60541-803D-4F44-8783-028D9DA5E0CC}</UniqueIdentifier>
    </Filter>
    <Filter Include="Header Files\generated\simulator">
      <UniqueIdentifier>{29C60541-803D-4F43-8683-028D9DA5E0CC}</UniqueIdentifier>
    </Filter>
    <Filter Include="Resource Files">
      <UniqueIdentifier>{92BBFF14-FBDB-4755-BA47-A830D863D92B}</UniqueIdentifier>
      <Extensions>rc;ico;cur;bmp;dlg;rc2;rct;bin;rgs;gif;jpg;jpeg;jpe;resx;tiff;tif;ttf;otf;bdf;png;wav;xlsx;props;mfcribbon-ms</Extensions>
    </Filter>
    <Filter Include="Resource Files\assets">
      <UniqueIdentifier>{AF899B0F-78BE-47F9-A912-E92CB9156E40}</UniqueIdentifier>
    </Filter>
    <Filter Include="Resource Files\config">
      <UniqueIdentifier>{29E8A9F8-6504-4625-AB47-671A3F665E51}</UniqueIdentifier>
    </Filter>
    <Filter Include="Resource Files\assets\texts">
      <UniqueIdentifier>{382278FD-2B19-4E89-AE4F-24AF77E7A270}</UniqueIdentifier>
    </Filter>
    <Filter Include="Resource Files\config\msvs">
      <UniqueIdentifier>{C24EAEDB-9A3F-43DC-87FB-C7AC2729A078}</UniqueIdentifier>
    </Filter>
    <Filter Include="Source Files">
      <UniqueIdentifier>{2F3FC0AA-97C4-4366-9939-94A0FF4E028C}</UniqueIdentifier>
      <Extensions>cpp;c;cc;cxx;def;odl;idl;hpj;bat;asm;asmx</Extensions>
    </Filter>
    <Filter Include="Source Files\TouchGFX">
      <UniqueIdentifier>{C07B02A9-A55E-47AA-AD61-59A6AAD754E6}</UniqueIdentifier>
    </Filter>
    <Filter Include="Source Files\TouchGFX\platform">
      <UniqueIdentifier>{33EDC2DB-AF72-480C-92E5-2A2833BCAB6F}</UniqueIdentifier>
    </Filter>
    <Filter Include="Source Files\TouchGFX\platform\driver">
      <UniqueIdentifier>{1D8EFD90-430A-4539-9080-16A38861D20A}</UniqueIdentifier>
    </Filter>
    <Filter Include="Source Files\TouchGFX\platform\hal">
      <UniqueIdentifier>{E8DECBF2-0C8E-4397-8603-3101D6F922D6}</UniqueIdentifier>
    </Filter>
    <Filter Include="Source Files\TouchGFX\platform\driver\touch">
      <UniqueIdentifier>{40F0D55D-79D9-488A-AF83-ADC96179EADF}</UniqueIdentifier>
    </Filter>
    <Filter Include="Source Files\TouchGFX\platform\hal\simulator">
      <UniqueIdentifier>{3FB50DD5-31DA-4042-B7FD-2151C58CDA80}</UniqueIdentifier>
    </Filter>
    <Filter Include="Source Files\TouchGFX\platform\hal\simulator\sdl2">
      <UniqueIdentifier>{B48CB42B-0F9E-4815-BFE1-1ACC1150ED8A}</UniqueIdentifier>
    </Filter>
    <Filter Include="Source Files\simulator">
      <UniqueIdentifier>{C07B03A9-A55E-47AA-AD61-59A6AAD754E6}</UniqueIdentifier>
    </Filter>
    <Filter Include="Source Files\generated">
      <UniqueIdentifier>{C07B02B9-A55E-47AB-AD61-59A6AAD754E6}</UniqueIdentifier>
    </Filter>
    <Filter Include="Source Files\generated\simulator">
      <UniqueIdentifier>{C07B02B9-A55E-47AA-AD61-59A6AAD754E6}</UniqueIdentifier>
    </Filter>
    <Filter Include="Source Files\gui">
      <UniqueIdentifier>1D5705BF-9F66-D46F-9B92-3DEC905412E3</UniqueIdentifier>
    </Filter>
    <Filter Include="Header Files\gui">
      <UniqueIdentifier>369BBFC6-8F68-5F30-0F04-670DD77020A6</UniqueIdentifier>
    </Filter>
    <Filter Include="Header Files\gui\containers">
      <UniqueIdentifier>660C5ABB-1ED3-FCA0-1B2E-EA711C79B14D</UniqueIdentifier>
    </Filter>
    <Filter Include="Source Files\gui\containers">
      <UniqueIdentifier>A657DEEA-1E9A-56EB-628D-572FDC5C0A17</UniqueIdentifier>
    </Filter>
    <Filter Include="Source Files\generated\gui_generated">
      <UniqueIdentifier>94F475EE-8B7C-8AFF-0E32-71CF1FC40FCE</UniqueIdentifier>
    </Filter>
    <Filter Include="Header Files\generated\gui_generated">
      <UniqueIdentifier>96601F6A-FF1E-15C2-5DA1-00919E3EFB23</UniqueIdentifier>
    </Filter>
    <Filter Include="Source Files\gui\mainscreen_screen">
      <UniqueIdentifier>D57D263E-2699-6A76-1208-DF00743B098E</UniqueIdentifier>
    </Filter>
    <Filter Include="Header Files\gui\mainscreen_screen">
      <UniqueIdentifier>FBFB7DD1-C90E-CE6B-A43E-07710EA683BD</UniqueIdentifier>
    </Filter>
    <Filter Include="Header Files\gui\common">
      <UniqueIdentifier>1EB367BD-FDEA-03B3-879C-EC10AD4E5730</UniqueIdentifier>
    </Filter>
    <Filter Include="Source Files\gui\common">
      <UniqueIdentifier>E2E1ECF6-DC0C-131D-47C7-C84881DAD2EB</UniqueIdentifier>
    </Filter>
    <Filter Include="Header Files\gui\LFT">
      <UniqueIdentifier>29A801AE-2C26-34F4-C3DF-C5DFABE2900A</UniqueIdentifier>
    </Filter>
    <Filter Include="Source Files\gui\LFT">
      <UniqueIdentifier>0507C9E4-42A5-929F-B5C8-A12280BC8DDB</UniqueIdentifier>
    </Filter>
    <Filter Include="Source Files\gui\model">
      <UniqueIdentifier>1E7E00A5-423A-9539-D9AE-095604B39620</UniqueIdentifier>
    </Filter>
    <Filter Include="Header Files\gui\model">
      <UniqueIdentifier>F2EBF79F-5263-3FFD-41F2-F7EDE6E1775B</UniqueIdentifier>
    </Filter>
    <Filter Include="Header Files\gui\idlescreen_screen">
      <UniqueIdentifier>08DBDBC7-12E9-21D5-BD13-349903791F05</UniqueIdentifier>
    </Filter>
    <Filter Include="Source Files\gui\powerlossrecoveryscreen_screen">
      <UniqueIdentifier>C3C563B9-978F-04C7-9908-1F8B39435C38</UniqueIdentifier>
    </Filter>
    <Filter Include="Source Files\gui\idlescreen_screen">
      <UniqueIdentifier>043B94F0-0EF5-794F-98F2-DF08898D35D5</UniqueIdentifier>
    </Filter>
    <Filter Include="Header Files\gui\powerlossrecoveryscreen_screen">
      <UniqueIdentifier>60773FE2-81B7-955F-4B3C-C1A978DB186B</UniqueIdentifier>
    </Filter>
    <Filter Include="Header Files\gui\usbmode_screen">
      <UniqueIdentifier>FDAA5470-0A99-12FA-CC90-524DF7A8936A</UniqueIdentifier>
    </Filter>
    <Filter Include="Header Files\gui\graphscreen_screen">
      <UniqueIdentifier>CA0392ED-1687-5E78-3BE3-ACD210223E88</UniqueIdentifier>
    </Filter>
    <Filter Include="Source Files\gui\usbmode_screen">
      <UniqueIdentifier>E9CC5E90-5CE7-DEC3-C65C-0D077DB72B63</UniqueIdentifier>
    </Filter>
    <Filter Include="Source Files\gui\graphscreen_screen">
      <UniqueIdentifier>556D13D2-B17B-CACA-2908-E86F96682A96</UniqueIdentifier>
    </Filter>
    <Filter Include="Source Files\gui\auditscreen_screen">
      <UniqueIdentifier>8F0AEB61-D145-81F6-F316-E01D3F2FB80D</UniqueIdentifier>
    </Filter>
    <Filter Include="Header Files\gui\auditscreen_screen">
      <UniqueIdentifier>97F314A8-2A05-58C7-3786-8AC011358BCB</UniqueIdentifier>
    </Filter>
    <Filter Include="Source Files\gui\processscreen_screen">
      <UniqueIdentifier>6346D1D6-4986-FB17-E16A-36ABD583AC36</UniqueIdentifier>
    </Filter>
    <Filter Include="Header Files\gui\processscreen_screen">
      <UniqueIdentifier>0F16017E-438D-39B7-41CB-9F2E3F2631DB</UniqueIdentifier>
    </Filter>
    <Filter Include="Source Files\gui\settingsscreen_screen">
      <UniqueIdentifier>4F37799D-B81A-EB33-0AFE-FAE5E0F22190</UniqueIdentifier>
    </Filter>
    <Filter Include="Header Files\gui\settingsscreen_screen">
      <UniqueIdentifier>BAE48D10-E14A-6481-B07F-365B4AAC6A40</UniqueIdentifier>
    </Filter>
    <Filter Include="Header Files\gui\freda_screen">
      <UniqueIdentifier>43DB60BE-0F2D-8E76-11A8-27D9FA1544B7</UniqueIdentifier>
    </Filter>
    <Filter Include="Source Files\gui\freda_screen">
      <UniqueIdentifier>647576C2-A5CB-0606-5880-37E6DF7E7EC5</UniqueIdentifier>
    </Filter>
    <Filter Include="Header Files\gui\touchtestscreen_screen">
      <UniqueIdentifier>CED54943-9A93-EB65-8CAF-5BBAAF21A3EE</UniqueIdentifier>
    </Filter>
    <Filter Include="Source Files\gui\touchtestscreen_screen">
      <UniqueIdentifier>A1934BC6-907F-66C8-ABCB-737A14C05B9A</UniqueIdentifier>
    </Filter>
    <Filter Include="Header Files\gui\eggscreen_screen">
      <UniqueIdentifier>C40047D5-8682-6F40-2ED4-FA70457376EA</UniqueIdentifier>
    </Filter>
    <Filter Include="Source Files\gui\eggscreen_screen">
      <UniqueIdentifier>9ECFA235-2CA2-5E3F-C15C-F61D0D2E8585</UniqueIdentifier>
    </Filter>
    <Filter Include="Header Files\generated\gui_generated\containers">
      <UniqueIdentifier>FDB2F95B-E2B7-55DF-8E90-55338B1BC5C8</UniqueIdentifier>
    </Filter>
    <Filter Include="Source Files\generated\gui_generated\containers">
      <UniqueIdentifier>617C42D4-CFA5-EE6B-F63E-24454F58675E</UniqueIdentifier>
    </Filter>
    <Filter Include="Source Files\generated\gui_generated\eggscreen_screen">
      <UniqueIdentifier>0AA94E94-92C9-0648-EE99-A8AB5A08C5AD</UniqueIdentifier>
    </Filter>
    <Filter Include="Header Files\generated\gui_generated\eggscreen_screen">
      <UniqueIdentifier>A0FB5257-E894-1E86-D8B9-C9C9F2BC6CA3</UniqueIdentifier>
    </Filter>
    <Filter Include="Header Files\gui\LFT\Definitions">
      <UniqueIdentifier>46037A1D-C7F9-03B9-B7BD-262944B9A2E5</UniqueIdentifier>
    </Filter>
    <Filter Include="Source Files\generated\gui_generated\touchtestscreen_screen">
      <UniqueIdentifier>514B328D-5E87-CF29-1467-E70AAFEFFBBA</UniqueIdentifier>
    </Filter>
    <Filter Include="Header Files\generated\gui_generated\common">
      <UniqueIdentifier>C8B5F31E-7A28-AA59-2040-5128F36D0AF4</UniqueIdentifier>
    </Filter>
    <Filter Include="Header Files\generated\gui_generated\settingsscreen_screen">
      <UniqueIdentifier>E3EA3711-0533-D027-E4B2-F50F5080EA90</UniqueIdentifier>
    </Filter>
    <Filter Include="Header Files\generated\gui_generated\touchtestscreen_screen">
      <UniqueIdentifier>DBAEC566-324D-DBD2-8E8D-5ACBF02FD626</UniqueIdentifier>
    </Filter>
    <Filter Include="Source Files\generated\gui_generated\settingsscreen_screen">
      <UniqueIdentifier>F5539BBB-7DB9-421E-E4D1-D6D74C31B814</UniqueIdentifier>
    </Filter>
    <Filter Include="Source Files\generated\gui_generated\freda_screen">
      <UniqueIdentifier>53CBDB80-4184-9336-FFFA-9639616D46B9</UniqueIdentifier>
    </Filter>
    <Filter Include="Header Files\generated\gui_generated\freda_screen">
      <UniqueIdentifier>AF0F613F-0B7A-0232-B16C-67E5FD30CCA0</UniqueIdentifier>
    </Filter>
    <Filter Include="Source Files\generated\gui_generated\common">
      <UniqueIdentifier>47658D4D-8466-90F3-BCFF-D6DF1438F722</UniqueIdentifier>
    </Filter>
    <Filter Include="Source Files\gui\LFT\Definitions">
      <UniqueIdentifier>CF75601A-E2D9-BB4F-5B71-8824BC0B3CB8</UniqueIdentifier>
    </Filter>
    <Filter Include="Source Files\gui\common\graph_widget">
      <UniqueIdentifier>AD381ED2-CD13-C073-0BF3-49403BA12338</UniqueIdentifier>
    </Filter>
    <Filter Include="Header Files\gui\common\graph_widget">
      <UniqueIdentifier>57B8C7BF-9528-19DC-E284-83E9CA4622CE</UniqueIdentifier>
    </Filter>
    <Filter Include="Header Files\generated\gui_generated\auditscreen_screen">
      <UniqueIdentifier>659AE4ED-D6FB-6466-1E89-C15B4FFE6C83</UniqueIdentifier>
    </Filter>
    <Filter Include="Header Files\generated\gui_generated\processscreen_screen">
      <UniqueIdentifier>5EC589AE-6741-C326-4335-6D31EECE4323</UniqueIdentifier>
    </Filter>
    <Filter Include="Source Files\generated\gui_generated\auditscreen_screen">
      <UniqueIdentifier>880DBE1E-5AC7-7F97-B732-FB29E99153B6</UniqueIdentifier>
    </Filter>
    <Filter Include="Source Files\generated\gui_generated\processscreen_screen">
      <UniqueIdentifier>8A80530A-17DD-CEC4-E9E3-AF44F4AE3D35</UniqueIdentifier>
    </Filter>
    <Filter Include="Header Files\generated\gui_generated\powerlossrecoveryscreen_screen">
      <UniqueIdentifier>C8C4BB7A-AE03-BB52-ED8B-6D2FD33AAE7B</UniqueIdentifier>
    </Filter>
    <Filter Include="Source Files\generated\gui_generated\powerlossrecoveryscreen_screen">
      <UniqueIdentifier>ED7FC6F2-BDF4-DB30-0C23-D911BA78AEF0</UniqueIdentifier>
    </Filter>
    <Filter Include="Source Files\generated\gui_generated\graphscreen_screen">
      <UniqueIdentifier>B6272080-44B1-DA18-2EE2-BF7E2A1B47C4</UniqueIdentifier>
    </Filter>
    <Filter Include="Header Files\generated\gui_generated\graphscreen_screen">
      <UniqueIdentifier>24454D22-591A-DE8C-9EA3-36A8907DC182</UniqueIdentifier>
    </Filter>
    <Filter Include="Source Files\generated\gui_generated\idlescreen_screen">
      <UniqueIdentifier>8ED02ADF-2EB2-3C9A-0954-5B142599318C</UniqueIdentifier>
    </Filter>
    <Filter Include="Header Files\generated\gui_generated\idlescreen_screen">
      <UniqueIdentifier>8BD440AB-8D99-0C98-AAF2-6DFF61ABE774</UniqueIdentifier>
    </Filter>
    <Filter Include="Source Files\generated\gui_generated\usbmode_screen">
      <UniqueIdentifier>58C70D31-D8B5-ADBA-1C74-08750BC32BE2</UniqueIdentifier>
    </Filter>
    <Filter Include="Header Files\generated\gui_generated\usbmode_screen">
      <UniqueIdentifier>9D670655-227A-F247-D9DB-7FC534AEFD49</UniqueIdentifier>
    </Filter>
    <Filter Include="Header Files\generated\gui_generated\mainscreen_screen">
      <UniqueIdentifier>4F4D7212-65F9-1314-4999-23772018029A</UniqueIdentifier>
    </Filter>
    <Filter Include="Source Files\generated\gui_generated\mainscreen_screen">
      <UniqueIdentifier>CA29E9BD-5A35-307C-1029-1D2A8EFB283E</UniqueIdentifier>
    </Filter>
  </ItemGroup>
  <ItemGroup>
    <ClCompile Include="$(TouchGFXReleasePath)\framework\source\platform\driver\touch\SDL2TouchController.cpp">
      <Filter>Source Files\TouchGFX\platform\driver\touch</Filter>
    </ClCompile>
    <ClCompile Include="$(TouchGFXReleasePath)\framework\source\platform\hal\simulator\sdl2\HALSDL2.cpp">
      <Filter>Source Files\TouchGFX\platform\hal\simulator\sdl2</Filter>
    </ClCompile>
    <ClCompile Include="$(TouchGFXReleasePath)\framework\source\platform\hal\simulator\sdl2\HALSDL2_icon.cpp">
      <Filter>Source Files\TouchGFX\platform\hal\simulator\sdl2</Filter>
    </ClCompile>
    <ClCompile Include="$(TouchGFXReleasePath)\framework\source\platform\hal\simulator\sdl2\OSWrappers.cpp">
      <Filter>Source Files\TouchGFX\platform\hal\simulator\sdl2</Filter>
    </ClCompile>
    <ClCompile Include="$(ApplicationRoot)\simulator\main.cpp">
      <Filter>Source Files\simulator</Filter>
    </ClCompile>
    <ClCompile Include="$(ApplicationRoot)\generated\simulator\src\mainBase.cpp">
      <Filter>Source Files\generated\simulator</Filter>
    </ClCompile>
    <ClCompile Include="..\..\gui\src\containers\AbortingWindow.cpp">
      <Filter>Source Files\gui\containers</Filter>
    </ClCompile>
    <ClCompile Include="..\..\generated\gui_generated\src\containers\AbortingWindowBase.cpp">
      <Filter>Source Files\generated\gui_generated\containers</Filter>
    </ClCompile>
    <ClCompile Include="..\..\gui\src\common\graph_widget\AbstractGraph.cpp">
      <Filter>Source Files\gui\common\graph_widget</Filter>
    </ClCompile>
    <ClCompile Include="..\..\gui\src\containers\AuditLog.cpp">
      <Filter>Source Files\gui\containers</Filter>
    </ClCompile>
    <ClCompile Include="..\..\generated\gui_generated\src\containers\AuditLogBase.cpp">
      <Filter>Source Files\generated\gui_generated\containers</Filter>
    </ClCompile>
    <ClCompile Include="..\..\gui\src\auditscreen_screen\AuditScreenPresenter.cpp">
      <Filter>Source Files\gui\auditscreen_screen</Filter>
    </ClCompile>
    <ClCompile Include="..\..\gui\src\auditscreen_screen\AuditScreenView.cpp">
      <Filter>Source Files\gui\auditscreen_screen</Filter>
    </ClCompile>
    <ClCompile Include="..\..\generated\gui_generated\src\auditscreen_screen\AuditScreenViewBase.cpp">
      <Filter>Source Files\generated\gui_generated\auditscreen_screen</Filter>
    </ClCompile>
    <ClCompile Include="..\..\gui\src\containers\Background.cpp">
      <Filter>Source Files\gui\containers</Filter>
    </ClCompile>
    <ClCompile Include="..\..\generated\gui_generated\src\containers\BackgroundBase.cpp">
      <Filter>Source Files\generated\gui_generated\containers</Filter>
    </ClCompile>
    <ClCompile Include="..\..\gui\src\common\CustomKeyboard.cpp">
      <Filter>Source Files\gui\common</Filter>
    </ClCompile>
    <ClCompile Include="..\..\gui\src\common\date.cpp">
      <Filter>Source Files\gui\common</Filter>
    </ClCompile>
    <ClCompile Include="..\..\gui\src\containers\DatePicker.cpp">
      <Filter>Source Files\gui\containers</Filter>
    </ClCompile>
    <ClCompile Include="..\..\generated\gui_generated\src\containers\DatePickerBase.cpp">
      <Filter>Source Files\generated\gui_generated\containers</Filter>
    </ClCompile>
    <ClCompile Include="..\..\gui\src\containers\DeadSpaceAnimation.cpp">
      <Filter>Source Files\gui\containers</Filter>
    </ClCompile>
    <ClCompile Include="..\..\generated\gui_generated\src\containers\DeadSpaceAnimationBase.cpp">
      <Filter>Source Files\generated\gui_generated\containers</Filter>
    </ClCompile>
    <ClCompile Include="..\..\gui\src\eggscreen_screen\EggScreenPresenter.cpp">
      <Filter>Source Files\gui\eggscreen_screen</Filter>
    </ClCompile>
    <ClCompile Include="..\..\gui\src\eggscreen_screen\EggScreenView.cpp">
      <Filter>Source Files\gui\eggscreen_screen</Filter>
    </ClCompile>
    <ClCompile Include="..\..\generated\gui_generated\src\eggscreen_screen\EggScreenViewBase.cpp">
      <Filter>Source Files\generated\gui_generated\eggscreen_screen</Filter>
    </ClCompile>
    <ClCompile Include="..\..\gui\src\containers\EngineerOverlay.cpp">
      <Filter>Source Files\gui\containers</Filter>
    </ClCompile>
    <ClCompile Include="..\..\generated\gui_generated\src\containers\EngineerOverlayBase.cpp">
      <Filter>Source Files\generated\gui_generated\containers</Filter>
    </ClCompile>
    <ClCompile Include="..\..\gui\src\containers\ErrorBox.cpp">
      <Filter>Source Files\gui\containers</Filter>
    </ClCompile>
    <ClCompile Include="..\..\generated\gui_generated\src\containers\ErrorBoxBase.cpp">
      <Filter>Source Files\generated\gui_generated\containers</Filter>
    </ClCompile>
    <ClCompile Include="..\..\gui\src\containers\ExternalSwitchErrorWindow.cpp">
      <Filter>Source Files\gui\containers</Filter>
    </ClCompile>
    <ClCompile Include="..\..\generated\gui_generated\src\containers\ExternalSwitchErrorWindowBase.cpp">
      <Filter>Source Files\generated\gui_generated\containers</Filter>
    </ClCompile>
    <ClCompile Include="..\..\gui\src\containers\FilterStateMessage.cpp">
      <Filter>Source Files\gui\containers</Filter>
    </ClCompile>
    <ClCompile Include="..\..\generated\gui_generated\src\containers\FilterStateMessageBase.cpp">
      <Filter>Source Files\generated\gui_generated\containers</Filter>
    </ClCompile>
    <ClCompile Include="..\..\gui\src\freda_screen\FREDAPresenter.cpp">
      <Filter>Source Files\gui\freda_screen</Filter>
    </ClCompile>
    <ClCompile Include="..\..\gui\src\freda_screen\FREDAView.cpp">
      <Filter>Source Files\gui\freda_screen</Filter>
    </ClCompile>
    <ClCompile Include="..\..\generated\gui_generated\src\freda_screen\FREDAViewBase.cpp">
      <Filter>Source Files\generated\gui_generated\freda_screen</Filter>
    </ClCompile>
    <ClCompile Include="..\..\gui\src\common\FrontendApplication.cpp">
      <Filter>Source Files\gui\common</Filter>
    </ClCompile>
    <ClCompile Include="..\..\generated\gui_generated\src\common\FrontendApplicationBase.cpp">
      <Filter>Source Files\generated\gui_generated\common</Filter>
    </ClCompile>
    <ClCompile Include="..\..\gui\src\common\graph_widget\Graph.cpp">
      <Filter>Source Files\gui\common\graph_widget</Filter>
    </ClCompile>
    <ClCompile Include="..\..\gui\src\common\graph_widget\GraphBelow.cpp">
      <Filter>Source Files\gui\common\graph_widget</Filter>
    </ClCompile>
    <ClCompile Include="..\..\gui\src\common\graph_widget\GraphDots.cpp">
      <Filter>Source Files\gui\common\graph_widget</Filter>
    </ClCompile>
    <ClCompile Include="..\..\gui\src\common\graph_widget\GraphLine.cpp">
      <Filter>Source Files\gui\common\graph_widget</Filter>
    </ClCompile>
    <ClCompile Include="..\..\gui\src\graphscreen_screen\GraphScreenPresenter.cpp">
      <Filter>Source Files\gui\graphscreen_screen</Filter>
    </ClCompile>
    <ClCompile Include="..\..\gui\src\graphscreen_screen\GraphScreenView.cpp">
      <Filter>Source Files\gui\graphscreen_screen</Filter>
    </ClCompile>
    <ClCompile Include="..\..\generated\gui_generated\src\graphscreen_screen\GraphScreenViewBase.cpp">
      <Filter>Source Files\generated\gui_generated\graphscreen_screen</Filter>
    </ClCompile>
    <ClCompile Include="..\..\gui\src\idlescreen_screen\IdleScreenPresenter.cpp">
      <Filter>Source Files\gui\idlescreen_screen</Filter>
    </ClCompile>
    <ClCompile Include="..\..\gui\src\idlescreen_screen\IdleScreenView.cpp">
      <Filter>Source Files\gui\idlescreen_screen</Filter>
    </ClCompile>
    <ClCompile Include="..\..\generated\gui_generated\src\idlescreen_screen\IdleScreenViewBase.cpp">
      <Filter>Source Files\generated\gui_generated\idlescreen_screen</Filter>
    </ClCompile>
    <ClCompile Include="..\..\gui\src\containers\InternalSwitchError.cpp">
      <Filter>Source Files\gui\containers</Filter>
    </ClCompile>
    <ClCompile Include="..\..\generated\gui_generated\src\containers\InternalSwitchErrorBase.cpp">
      <Filter>Source Files\generated\gui_generated\containers</Filter>
    </ClCompile>
    <ClCompile Include="..\..\gui\src\containers\Keypad.cpp">
      <Filter>Source Files\gui\containers</Filter>
    </ClCompile>
    <ClCompile Include="..\..\generated\gui_generated\src\containers\KeypadBase.cpp">
      <Filter>Source Files\generated\gui_generated\containers</Filter>
    </ClCompile>
    <ClCompile Include="..\..\gui\src\common\Lever.cpp">
      <Filter>Source Files\gui\common</Filter>
    </ClCompile>
    <ClCompile Include="..\..\gui\src\LFT\LFT.cpp">
      <Filter>Source Files\gui\LFT</Filter>
    </ClCompile>
    <ClCompile Include="..\..\gui\src\LFT\LFT_Auto.cpp">
      <Filter>Source Files\gui\LFT</Filter>
    </ClCompile>
    <ClCompile Include="..\..\gui\src\LFT\LFT_AutoClean.cpp">
      <Filter>Source Files\gui\LFT</Filter>
    </ClCompile>
    <ClCompile Include="..\..\gui\src\LFT\LFT_Information.cpp">
      <Filter>Source Files\gui\LFT</Filter>
    </ClCompile>
    <ClCompile Include="..\..\gui\src\LFT\LFT_Logs.cpp">
      <Filter>Source Files\gui\LFT</Filter>
    </ClCompile>
    <ClCompile Include="..\..\gui\src\LFT\LFT_Manual.cpp">
      <Filter>Source Files\gui\LFT</Filter>
    </ClCompile>
    <ClCompile Include="..\..\gui\src\LFT\LFT_ProductionTests.cpp">
      <Filter>Source Files\gui\LFT</Filter>
    </ClCompile>
    <ClCompile Include="..\..\gui\src\LFT\LFT_Settings.cpp">
      <Filter>Source Files\gui\LFT</Filter>
    </ClCompile>
    <ClCompile Include="..\..\gui\src\common\LFTDebug.cpp">
      <Filter>Source Files\gui\common</Filter>
    </ClCompile>
    <ClCompile Include="..\..\gui\src\containers\LogsExporting.cpp">
      <Filter>Source Files\gui\containers</Filter>
    </ClCompile>
    <ClCompile Include="..\..\generated\gui_generated\src\containers\LogsExportingBase.cpp">
      <Filter>Source Files\generated\gui_generated\containers</Filter>
    </ClCompile>
    <ClCompile Include="..\..\gui\src\mainscreen_screen\MainScreenPresenter.cpp">
      <Filter>Source Files\gui\mainscreen_screen</Filter>
    </ClCompile>
    <ClCompile Include="..\..\gui\src\mainscreen_screen\MainScreenView.cpp">
      <Filter>Source Files\gui\mainscreen_screen</Filter>
    </ClCompile>
    <ClCompile Include="..\..\generated\gui_generated\src\mainscreen_screen\MainScreenViewBase.cpp">
      <Filter>Source Files\generated\gui_generated\mainscreen_screen</Filter>
    </ClCompile>
    <ClCompile Include="..\..\gui\src\model\Model.cpp">
      <Filter>Source Files\gui\model</Filter>
    </ClCompile>
    <ClCompile Include="..\..\gui\src\containers\MsgBox.cpp">
      <Filter>Source Files\gui\containers</Filter>
    </ClCompile>
    <ClCompile Include="..\..\generated\gui_generated\src\containers\MsgBoxBase.cpp">
      <Filter>Source Files\generated\gui_generated\containers</Filter>
    </ClCompile>
    <ClCompile Include="..\..\gui\src\common\graph_widget\PainterVerticalAlpha.cpp">
      <Filter>Source Files\gui\common\graph_widget</Filter>
    </ClCompile>
    <ClCompile Include="..\..\gui\src\common\PatternCode.cpp">
      <Filter>Source Files\gui\common</Filter>
    </ClCompile>
    <ClCompile Include="..\..\gui\src\common\Pong.cpp">
      <Filter>Source Files\gui\common</Filter>
    </ClCompile>
    <ClCompile Include="..\..\gui\src\powerlossrecoveryscreen_screen\PowerlossRecoveryScreenPresenter.cpp">
      <Filter>Source Files\gui\powerlossrecoveryscreen_screen</Filter>
    </ClCompile>
    <ClCompile Include="..\..\gui\src\powerlossrecoveryscreen_screen\PowerlossRecoveryScreenView.cpp">
      <Filter>Source Files\gui\powerlossrecoveryscreen_screen</Filter>
    </ClCompile>
    <ClCompile Include="..\..\generated\gui_generated\src\powerlossrecoveryscreen_screen\PowerlossRecoveryScreenViewBase.cpp">
      <Filter>Source Files\generated\gui_generated\powerlossrecoveryscreen_screen</Filter>
    </ClCompile>
    <ClCompile Include="..\..\gui\src\processscreen_screen\ProcessScreenPresenter.cpp">
      <Filter>Source Files\gui\processscreen_screen</Filter>
    </ClCompile>
    <ClCompile Include="..\..\gui\src\processscreen_screen\ProcessScreenView.cpp">
      <Filter>Source Files\gui\processscreen_screen</Filter>
    </ClCompile>
    <ClCompile Include="..\..\generated\gui_generated\src\processscreen_screen\ProcessScreenViewBase.cpp">
      <Filter>Source Files\generated\gui_generated\processscreen_screen</Filter>
    </ClCompile>
    <ClCompile Include="..\..\gui\src\common\ProductionTestStep.cpp">
      <Filter>Source Files\gui\common</Filter>
    </ClCompile>
    <ClCompile Include="..\..\gui\src\common\ProgressBar.cpp">
      <Filter>Source Files\gui\common</Filter>
    </ClCompile>
    <ClCompile Include="..\..\gui\src\LFT\Definitions\ProgressStages.cpp">
      <Filter>Source Files\gui\LFT\Definitions</Filter>
    </ClCompile>
    <ClCompile Include="..\..\gui\src\settingsscreen_screen\SettingsScreenPresenter.cpp">
      <Filter>Source Files\gui\settingsscreen_screen</Filter>
    </ClCompile>
    <ClCompile Include="..\..\gui\src\settingsscreen_screen\SettingsScreenView.cpp">
      <Filter>Source Files\gui\settingsscreen_screen</Filter>
    </ClCompile>
    <ClCompile Include="..\..\generated\gui_generated\src\settingsscreen_screen\SettingsScreenViewBase.cpp">
      <Filter>Source Files\generated\gui_generated\settingsscreen_screen</Filter>
    </ClCompile>
    <ClCompile Include="..\..\gui\src\common\String.cpp">
      <Filter>Source Files\gui\common</Filter>
    </ClCompile>
    <ClCompile Include="..\..\gui\src\containers\Tab.cpp">
      <Filter>Source Files\gui\containers</Filter>
    </ClCompile>
    <ClCompile Include="..\..\generated\gui_generated\src\containers\TabBase.cpp">
      <Filter>Source Files\generated\gui_generated\containers</Filter>
    </ClCompile>
    <ClCompile Include="..\..\gui\src\common\TextRadioButton.cpp">
      <Filter>Source Files\gui\common</Filter>
    </ClCompile>
    <ClCompile Include="..\..\gui\src\containers\TouchTest.cpp">
      <Filter>Source Files\gui\containers</Filter>
    </ClCompile>
    <ClCompile Include="..\..\generated\gui_generated\src\containers\TouchTestBase.cpp">
      <Filter>Source Files\generated\gui_generated\containers</Filter>
    </ClCompile>
    <ClCompile Include="..\..\gui\src\touchtestscreen_screen\TouchTestScreenPresenter.cpp">
      <Filter>Source Files\gui\touchtestscreen_screen</Filter>
    </ClCompile>
    <ClCompile Include="..\..\gui\src\touchtestscreen_screen\TouchTestScreenView.cpp">
      <Filter>Source Files\gui\touchtestscreen_screen</Filter>
    </ClCompile>
    <ClCompile Include="..\..\generated\gui_generated\src\touchtestscreen_screen\TouchTestScreenViewBase.cpp">
      <Filter>Source Files\generated\gui_generated\touchtestscreen_screen</Filter>
    </ClCompile>
    <ClCompile Include="..\..\gui\src\common\Unlock.cpp">
      <Filter>Source Files\gui\common</Filter>
    </ClCompile>
    <ClCompile Include="..\..\gui\src\containers\UsageInstructions.cpp">
      <Filter>Source Files\gui\containers</Filter>
    </ClCompile>
    <ClCompile Include="..\..\generated\gui_generated\src\containers\UsageInstructionsBase.cpp">
      <Filter>Source Files\generated\gui_generated\containers</Filter>
    </ClCompile>
    <ClCompile Include="..\..\gui\src\usbmode_screen\UsbModePresenter.cpp">
      <Filter>Source Files\gui\usbmode_screen</Filter>
    </ClCompile>
    <ClCompile Include="..\..\gui\src\usbmode_screen\UsbModeView.cpp">
      <Filter>Source Files\gui\usbmode_screen</Filter>
    </ClCompile>
    <ClCompile Include="..\..\generated\gui_generated\src\usbmode_screen\UsbModeViewBase.cpp">
      <Filter>Source Files\generated\gui_generated\usbmode_screen</Filter>
    </ClCompile>
    <ClCompile Include="..\..\gui\src\containers\ViewDiagnostics.cpp">
      <Filter>Source Files\gui\containers</Filter>
    </ClCompile>
    <ClCompile Include="..\..\generated\gui_generated\src\containers\ViewDiagnosticsBase.cpp">
      <Filter>Source Files\generated\gui_generated\containers</Filter>
    </ClCompile>
    <ClCompile Include="..\..\gui\src\containers\MoistureDetectedMessage.cpp">
      <Filter>Source Files\gui\containers</Filter>
    </ClCompile>
    <ClCompile Include="..\..\generated\gui_generated\src\containers\MoistureDetectedMessageBase.cpp">
      <Filter>Source Files\generated\gui_generated\containers</Filter>
    </ClCompile>
  </ItemGroup>
  <ItemGroup>
    <None Include="$(ApplicationRoot)\assets\texts\texts.xlsx">
      <Filter>Resource Files\assets\texts</Filter>
    </None>
    <None Include="$(ApplicationRoot)\config\msvs\Application.props">
      <Filter>Resource Files\config\msvs</Filter>
    </None>
  </ItemGroup>
  <ItemGroup>
    <ClInclude Include="$(TouchGFXReleasePath)\framework\include\common\AbstractPartition.hpp">
      <Filter>Header Files\TouchGFX\common</Filter>
    </ClInclude>
    <ClInclude Include="$(TouchGFXReleasePath)\framework\include\common\Meta.hpp">
      <Filter>Header Files\TouchGFX\common</Filter>
    </ClInclude>
    <ClInclude Include="$(TouchGFXReleasePath)\framework\include\common\Partition.hpp">
      <Filter>Header Files\TouchGFX\common</Filter>
    </ClInclude>
    <ClInclude Include="$(TouchGFXReleasePath)\framework\include\common\TouchGFXInit.hpp">
      <Filter>Header Files\TouchGFX\common</Filter>
    </ClInclude>
    <ClInclude Include="$(TouchGFXReleasePath)\framework\include\mvp\MVPApplication.hpp">
      <Filter>Header Files\TouchGFX\mvp</Filter>
    </ClInclude>
    <ClInclude Include="$(TouchGFXReleasePath)\framework\include\mvp\MVPHeap.hpp">
      <Filter>Header Files\TouchGFX\mvp</Filter>
    </ClInclude>
    <ClInclude Include="$(TouchGFXReleasePath)\framework\include\mvp\Presenter.hpp">
      <Filter>Header Files\TouchGFX\mvp</Filter>
    </ClInclude>
    <ClInclude Include="$(TouchGFXReleasePath)\framework\include\mvp\View.hpp">
      <Filter>Header Files\TouchGFX\mvp</Filter>
    </ClInclude>
    <ClInclude Include="$(TouchGFXReleasePath)\framework\include\platform\driver\lcd\LCD16bpp.hpp">
      <Filter>Header Files\TouchGFX\platform\driver\lcd</Filter>
    </ClInclude>
    <ClInclude Include="$(TouchGFXReleasePath)\framework\include\platform\driver\lcd\LCD1bpp.hpp">
      <Filter>Header Files\TouchGFX\platform\driver\lcd</Filter>
    </ClInclude>
    <ClInclude Include="$(TouchGFXReleasePath)\framework\include\platform\driver\lcd\LCD24bpp.hpp">
      <Filter>Header Files\TouchGFX\platform\driver\lcd</Filter>
    </ClInclude>
    <ClInclude Include="$(TouchGFXReleasePath)\framework\include\platform\driver\lcd\LCD2bpp.hpp">
      <Filter>Header Files\TouchGFX\platform\driver\lcd</Filter>
    </ClInclude>
    <ClInclude Include="$(TouchGFXReleasePath)\framework\include\platform\driver\lcd\LCD4bpp.hpp">
      <Filter>Header Files\TouchGFX\platform\driver\lcd</Filter>
    </ClInclude>
    <ClInclude Include="$(TouchGFXReleasePath)\framework\include\platform\driver\touch\SDL2TouchController.hpp">
      <Filter>Header Files\TouchGFX\platform\driver\touch</Filter>
    </ClInclude>
    <ClInclude Include="$(TouchGFXReleasePath)\framework\include\platform\hal\simulator\sdl2\HALSDL2.hpp">
      <Filter>Header Files\TouchGFX\platform\hal\simulator\sdl2</Filter>
    </ClInclude>
    <ClInclude Include="$(TouchGFXReleasePath)\framework\include\touchgfx\Application.hpp">
      <Filter>Header Files\TouchGFX\touchgfx</Filter>
    </ClInclude>
    <ClInclude Include="$(TouchGFXReleasePath)\framework\include\touchgfx\Bitmap.hpp">
      <Filter>Header Files\TouchGFX\touchgfx</Filter>
    </ClInclude>
    <ClInclude Include="$(TouchGFXReleasePath)\framework\include\touchgfx\Callback.hpp">
      <Filter>Header Files\TouchGFX\touchgfx</Filter>
    </ClInclude>
    <ClInclude Include="$(TouchGFXReleasePath)\framework\include\touchgfx\canvas_widget_renderer\CanvasWidgetRenderer.hpp">
      <Filter>Header Files\TouchGFX\touchgfx\canvas_widget_renderer</Filter>
    </ClInclude>
    <ClInclude Include="$(TouchGFXReleasePath)\framework\include\touchgfx\canvas_widget_renderer\Cell.hpp">
      <Filter>Header Files\TouchGFX\touchgfx\canvas_widget_renderer</Filter>
    </ClInclude>
    <ClInclude Include="$(TouchGFXReleasePath)\framework\include\touchgfx\canvas_widget_renderer\Outline.hpp">
      <Filter>Header Files\TouchGFX\touchgfx\canvas_widget_renderer</Filter>
    </ClInclude>
    <ClInclude Include="$(TouchGFXReleasePath)\framework\include\touchgfx\canvas_widget_renderer\Rasterizer.hpp">
      <Filter>Header Files\TouchGFX\touchgfx\canvas_widget_renderer</Filter>
    </ClInclude>
    <ClInclude Include="$(TouchGFXReleasePath)\framework\include\touchgfx\canvas_widget_renderer\Renderer.hpp">
      <Filter>Header Files\TouchGFX\touchgfx\canvas_widget_renderer</Filter>
    </ClInclude>
    <ClInclude Include="$(TouchGFXReleasePath)\framework\include\touchgfx\canvas_widget_renderer\RenderingBuffer.hpp">
      <Filter>Header Files\TouchGFX\touchgfx\canvas_widget_renderer</Filter>
    </ClInclude>
    <ClInclude Include="$(TouchGFXReleasePath)\framework\include\touchgfx\canvas_widget_renderer\RGBA8.hpp">
      <Filter>Header Files\TouchGFX\touchgfx\canvas_widget_renderer</Filter>
    </ClInclude>
    <ClInclude Include="$(TouchGFXReleasePath)\framework\include\touchgfx\canvas_widget_renderer\Scanline.hpp">
      <Filter>Header Files\TouchGFX\touchgfx\canvas_widget_renderer</Filter>
    </ClInclude>
    <ClInclude Include="$(TouchGFXReleasePath)\framework\include\touchgfx\Color.hpp">
      <Filter>Header Files\TouchGFX\touchgfx</Filter>
    </ClInclude>
    <ClInclude Include="$(TouchGFXReleasePath)\framework\include\touchgfx\ConstFont.hpp">
      <Filter>Header Files\TouchGFX\touchgfx</Filter>
    </ClInclude>
    <ClInclude Include="$(TouchGFXReleasePath)\framework\include\touchgfx\containers\clock\AbstractClock.hpp">
      <Filter>Header Files\TouchGFX\touchgfx\containers\clock</Filter>
    </ClInclude>
    <ClInclude Include="$(TouchGFXReleasePath)\framework\include\touchgfx\containers\clock\AnalogClock.hpp">
      <Filter>Header Files\TouchGFX\touchgfx\containers\clock</Filter>
    </ClInclude>
    <ClInclude Include="$(TouchGFXReleasePath)\framework\include\touchgfx\containers\clock\DigitalClock.hpp">
      <Filter>Header Files\TouchGFX\touchgfx\containers\clock</Filter>
    </ClInclude>
    <ClInclude Include="$(TouchGFXReleasePath)\framework\include\touchgfx\containers\Container.hpp">
      <Filter>Header Files\TouchGFX\touchgfx\containers</Filter>
    </ClInclude>
    <ClInclude Include="$(TouchGFXReleasePath)\framework\include\touchgfx\containers\ListLayout.hpp">
      <Filter>Header Files\TouchGFX\touchgfx\containers</Filter>
    </ClInclude>
    <ClInclude Include="$(TouchGFXReleasePath)\framework\include\touchgfx\containers\ModalWindow.hpp">
      <Filter>Header Files\TouchGFX\touchgfx\containers</Filter>
    </ClInclude>
    <ClInclude Include="$(TouchGFXReleasePath)\framework\include\touchgfx\containers\progress_indicators\AbstractDirectionProgress.hpp">
      <Filter>Header Files\TouchGFX\touchgfx\containers\progress_indicators</Filter>
    </ClInclude>
    <ClInclude Include="$(TouchGFXReleasePath)\framework\include\touchgfx\containers\progress_indicators\AbstractProgressIndicator.hpp">
      <Filter>Header Files\TouchGFX\touchgfx\containers\progress_indicators</Filter>
    </ClInclude>
    <ClInclude Include="$(TouchGFXReleasePath)\framework\include\touchgfx\containers\progress_indicators\BoxProgress.hpp">
      <Filter>Header Files\TouchGFX\touchgfx\containers\progress_indicators</Filter>
    </ClInclude>
    <ClInclude Include="$(TouchGFXReleasePath)\framework\include\touchgfx\containers\progress_indicators\CircleProgress.hpp">
      <Filter>Header Files\TouchGFX\touchgfx\containers\progress_indicators</Filter>
    </ClInclude>
    <ClInclude Include="$(TouchGFXReleasePath)\framework\include\touchgfx\containers\progress_indicators\ImageProgress.hpp">
      <Filter>Header Files\TouchGFX\touchgfx\containers\progress_indicators</Filter>
    </ClInclude>
    <ClInclude Include="$(TouchGFXReleasePath)\framework\include\touchgfx\containers\progress_indicators\LineProgress.hpp">
      <Filter>Header Files\TouchGFX\touchgfx\containers\progress_indicators</Filter>
    </ClInclude>
    <ClInclude Include="$(TouchGFXReleasePath)\framework\include\touchgfx\containers\progress_indicators\TextProgress.hpp">
      <Filter>Header Files\TouchGFX\touchgfx\containers\progress_indicators</Filter>
    </ClInclude>
    <ClInclude Include="$(TouchGFXReleasePath)\framework\include\touchgfx\containers\ScrollableContainer.hpp">
      <Filter>Header Files\TouchGFX\touchgfx\containers</Filter>
    </ClInclude>
    <ClInclude Include="$(TouchGFXReleasePath)\framework\include\touchgfx\containers\SlideMenu.hpp">
      <Filter>Header Files\TouchGFX\touchgfx\containers</Filter>
    </ClInclude>
    <ClInclude Include="$(TouchGFXReleasePath)\framework\include\touchgfx\containers\Slider.hpp">
      <Filter>Header Files\TouchGFX\touchgfx\containers</Filter>
    </ClInclude>
    <ClInclude Include="$(TouchGFXReleasePath)\framework\include\touchgfx\containers\ZoomAnimationImage.hpp">
      <Filter>Header Files\TouchGFX\touchgfx\containers</Filter>
    </ClInclude>
    <ClInclude Include="$(TouchGFXReleasePath)\framework\include\touchgfx\Drawable.hpp">
      <Filter>Header Files\TouchGFX\touchgfx</Filter>
    </ClInclude>
    <ClInclude Include="$(TouchGFXReleasePath)\framework\include\touchgfx\EasingEquations.hpp">
      <Filter>Header Files\TouchGFX\touchgfx</Filter>
    </ClInclude>
    <ClInclude Include="$(TouchGFXReleasePath)\framework\include\touchgfx\Event.hpp">
      <Filter>Header Files\TouchGFX\touchgfx</Filter>
    </ClInclude>
    <ClInclude Include="$(TouchGFXReleasePath)\framework\include\touchgfx\events\ClickEvent.hpp">
      <Filter>Header Files\TouchGFX\touchgfx\events</Filter>
    </ClInclude>
    <ClInclude Include="$(TouchGFXReleasePath)\framework\include\touchgfx\events\DragEvent.hpp">
      <Filter>Header Files\TouchGFX\touchgfx\events</Filter>
    </ClInclude>
    <ClInclude Include="$(TouchGFXReleasePath)\framework\include\touchgfx\events\GestureEvent.hpp">
      <Filter>Header Files\TouchGFX\touchgfx\events</Filter>
    </ClInclude>
    <ClInclude Include="$(TouchGFXReleasePath)\framework\include\touchgfx\Font.hpp">
      <Filter>Header Files\TouchGFX\touchgfx</Filter>
    </ClInclude>
    <ClInclude Include="$(TouchGFXReleasePath)\framework\include\touchgfx\FontManager.hpp">
      <Filter>Header Files\TouchGFX\touchgfx</Filter>
    </ClInclude>
    <ClInclude Include="$(TouchGFXReleasePath)\framework\include\touchgfx\hal\Atomic.hpp">
      <Filter>Header Files\TouchGFX\touchgfx\hal</Filter>
    </ClInclude>
    <ClInclude Include="$(TouchGFXReleasePath)\framework\include\touchgfx\hal\BlitOp.hpp">
      <Filter>Header Files\TouchGFX\touchgfx\hal</Filter>
    </ClInclude>
    <ClInclude Include="$(TouchGFXReleasePath)\framework\include\touchgfx\hal\BoardConfiguration.hpp">
      <Filter>Header Files\TouchGFX\touchgfx\hal</Filter>
    </ClInclude>
    <ClInclude Include="$(TouchGFXReleasePath)\framework\include\touchgfx\hal\Buttons.hpp">
      <Filter>Header Files\TouchGFX\touchgfx\hal</Filter>
    </ClInclude>
    <ClInclude Include="$(TouchGFXReleasePath)\framework\include\touchgfx\hal\Config.hpp">
      <Filter>Header Files\TouchGFX\touchgfx\hal</Filter>
    </ClInclude>
    <ClInclude Include="$(TouchGFXReleasePath)\framework\include\touchgfx\hal\DMA.hpp">
      <Filter>Header Files\TouchGFX\touchgfx\hal</Filter>
    </ClInclude>
    <ClInclude Include="$(TouchGFXReleasePath)\framework\include\touchgfx\hal\Gestures.hpp">
      <Filter>Header Files\TouchGFX\touchgfx\hal</Filter>
    </ClInclude>
    <ClInclude Include="$(TouchGFXReleasePath)\framework\include\touchgfx\hal\GPIO.hpp">
      <Filter>Header Files\TouchGFX\touchgfx\hal</Filter>
    </ClInclude>
    <ClInclude Include="$(TouchGFXReleasePath)\framework\include\touchgfx\hal\HAL.hpp">
      <Filter>Header Files\TouchGFX\touchgfx\hal</Filter>
    </ClInclude>
    <ClInclude Include="$(TouchGFXReleasePath)\framework\include\touchgfx\hal\LED.hpp">
      <Filter>Header Files\TouchGFX\touchgfx\hal</Filter>
    </ClInclude>
    <ClInclude Include="$(TouchGFXReleasePath)\framework\include\touchgfx\hal\NoDMA.hpp">
      <Filter>Header Files\TouchGFX\touchgfx\hal</Filter>
    </ClInclude>
    <ClInclude Include="$(TouchGFXReleasePath)\framework\include\touchgfx\hal\OSWrappers.hpp">
      <Filter>Header Files\TouchGFX\touchgfx\hal</Filter>
    </ClInclude>
    <ClInclude Include="$(TouchGFXReleasePath)\framework\include\touchgfx\hal\Types.hpp">
      <Filter>Header Files\TouchGFX\touchgfx\hal</Filter>
    </ClInclude>
    <ClInclude Include="$(TouchGFXReleasePath)\framework\include\touchgfx\InternalFlashFont.hpp">
      <Filter>Header Files\TouchGFX\touchgfx</Filter>
    </ClInclude>
    <ClInclude Include="$(TouchGFXReleasePath)\framework\include\touchgfx\JSMOCHelper.hpp">
      <Filter>Header Files\TouchGFX\touchgfx</Filter>
    </ClInclude>
    <ClInclude Include="$(TouchGFXReleasePath)\framework\include\touchgfx\lcd\LCD.hpp">
      <Filter>Header Files\TouchGFX\touchgfx\lcd</Filter>
    </ClInclude>
    <ClInclude Include="$(TouchGFXReleasePath)\framework\include\touchgfx\Math3D.hpp">
      <Filter>Header Files\TouchGFX\touchgfx</Filter>
    </ClInclude>
    <ClInclude Include="$(TouchGFXReleasePath)\framework\include\touchgfx\mixins\ClickListener.hpp">
      <Filter>Header Files\TouchGFX\touchgfx\mixins</Filter>
    </ClInclude>
    <ClInclude Include="$(TouchGFXReleasePath)\framework\include\touchgfx\mixins\Draggable.hpp">
      <Filter>Header Files\TouchGFX\touchgfx\mixins</Filter>
    </ClInclude>
    <ClInclude Include="$(TouchGFXReleasePath)\framework\include\touchgfx\mixins\FadeAnimator.hpp">
      <Filter>Header Files\TouchGFX\touchgfx\mixins</Filter>
    </ClInclude>
    <ClInclude Include="$(TouchGFXReleasePath)\framework\include\touchgfx\mixins\MoveAnimator.hpp">
      <Filter>Header Files\TouchGFX\touchgfx\mixins</Filter>
    </ClInclude>
    <ClInclude Include="$(TouchGFXReleasePath)\framework\include\touchgfx\mixins\PreRenderable.hpp">
      <Filter>Header Files\TouchGFX\touchgfx\mixins</Filter>
    </ClInclude>
    <ClInclude Include="$(TouchGFXReleasePath)\framework\include\touchgfx\mixins\Snapper.hpp">
      <Filter>Header Files\TouchGFX\touchgfx\mixins</Filter>
    </ClInclude>
    <ClInclude Include="$(TouchGFXReleasePath)\framework\include\touchgfx\Screen.hpp">
      <Filter>Header Files\TouchGFX\touchgfx</Filter>
    </ClInclude>
    <ClInclude Include="$(TouchGFXReleasePath)\framework\include\touchgfx\TextProvider.hpp">
      <Filter>Header Files\TouchGFX\touchgfx</Filter>
    </ClInclude>
    <ClInclude Include="$(TouchGFXReleasePath)\framework\include\touchgfx\Texts.hpp">
      <Filter>Header Files\TouchGFX\touchgfx</Filter>
    </ClInclude>
    <ClInclude Include="$(TouchGFXReleasePath)\framework\include\touchgfx\TextureMapTypes.hpp">
      <Filter>Header Files\TouchGFX\touchgfx</Filter>
    </ClInclude>
    <ClInclude Include="$(TouchGFXReleasePath)\framework\include\touchgfx\transforms\DisplayTransformation.hpp">
      <Filter>Header Files\TouchGFX\touchgfx\transforms</Filter>
    </ClInclude>
    <ClInclude Include="$(TouchGFXReleasePath)\framework\include\touchgfx\transforms\TouchCalibration.hpp">
      <Filter>Header Files\TouchGFX\touchgfx\transforms</Filter>
    </ClInclude>
    <ClInclude Include="$(TouchGFXReleasePath)\framework\include\touchgfx\transitions\NoTransition.hpp">
      <Filter>Header Files\TouchGFX\touchgfx\transitions</Filter>
    </ClInclude>
    <ClInclude Include="$(TouchGFXReleasePath)\framework\include\touchgfx\transitions\SlideTransition.hpp">
      <Filter>Header Files\TouchGFX\touchgfx\transitions</Filter>
    </ClInclude>
    <ClInclude Include="$(TouchGFXReleasePath)\framework\include\touchgfx\transitions\Transition.hpp">
      <Filter>Header Files\TouchGFX\touchgfx\transitions</Filter>
    </ClInclude>
    <ClInclude Include="$(TouchGFXReleasePath)\framework\include\touchgfx\TypedText.hpp">
      <Filter>Header Files\TouchGFX\touchgfx</Filter>
    </ClInclude>
    <ClInclude Include="$(TouchGFXReleasePath)\framework\include\touchgfx\UIEventListener.hpp">
      <Filter>Header Files\TouchGFX\touchgfx</Filter>
    </ClInclude>
    <ClInclude Include="$(TouchGFXReleasePath)\framework\include\touchgfx\Unicode.hpp">
      <Filter>Header Files\TouchGFX\touchgfx</Filter>
    </ClInclude>
    <ClInclude Include="$(TouchGFXReleasePath)\framework\include\touchgfx\Utils.hpp">
      <Filter>Header Files\TouchGFX\touchgfx</Filter>
    </ClInclude>
    <ClInclude Include="$(TouchGFXReleasePath)\framework\include\touchgfx\widgets\AbstractButton.hpp">
      <Filter>Header Files\TouchGFX\touchgfx\widgets</Filter>
    </ClInclude>
    <ClInclude Include="$(TouchGFXReleasePath)\framework\include\touchgfx\widgets\AnimatedImage.hpp">
      <Filter>Header Files\TouchGFX\touchgfx\widgets</Filter>
    </ClInclude>
    <ClInclude Include="$(TouchGFXReleasePath)\framework\include\touchgfx\widgets\AnimationTextureMapper.hpp">
      <Filter>Header Files\TouchGFX\touchgfx\widgets</Filter>
    </ClInclude>
    <ClInclude Include="$(TouchGFXReleasePath)\framework\include\touchgfx\widgets\Box.hpp">
      <Filter>Header Files\TouchGFX\touchgfx\widgets</Filter>
    </ClInclude>
    <ClInclude Include="$(TouchGFXReleasePath)\framework\include\touchgfx\widgets\Button.hpp">
      <Filter>Header Files\TouchGFX\touchgfx\widgets</Filter>
    </ClInclude>
    <ClInclude Include="$(TouchGFXReleasePath)\framework\include\touchgfx\widgets\ButtonWithIcon.hpp">
      <Filter>Header Files\TouchGFX\touchgfx\widgets</Filter>
    </ClInclude>
    <ClInclude Include="$(TouchGFXReleasePath)\framework\include\touchgfx\widgets\ButtonWithLabel.hpp">
      <Filter>Header Files\TouchGFX\touchgfx\widgets</Filter>
    </ClInclude>
    <ClInclude Include="$(TouchGFXReleasePath)\framework\include\touchgfx\widgets\canvas\AbstractPainter.hpp">
      <Filter>Header Files\TouchGFX\touchgfx\widgets\canvas</Filter>
    </ClInclude>
    <ClInclude Include="$(TouchGFXReleasePath)\framework\include\touchgfx\widgets\canvas\AbstractPainterBW.hpp">
      <Filter>Header Files\TouchGFX\touchgfx\widgets\canvas</Filter>
    </ClInclude>
    <ClInclude Include="$(TouchGFXReleasePath)\framework\include\touchgfx\widgets\canvas\AbstractPainterGRAY2.hpp">
      <Filter>Header Files\TouchGFX\touchgfx\widgets\canvas</Filter>
    </ClInclude>
    <ClInclude Include="$(TouchGFXReleasePath)\framework\include\touchgfx\widgets\canvas\AbstractPainterGRAY4.hpp">
      <Filter>Header Files\TouchGFX\touchgfx\widgets\canvas</Filter>
    </ClInclude>
    <ClInclude Include="$(TouchGFXReleasePath)\framework\include\touchgfx\widgets\canvas\AbstractPainterRGB565.hpp">
      <Filter>Header Files\TouchGFX\touchgfx\widgets\canvas</Filter>
    </ClInclude>
    <ClInclude Include="$(TouchGFXReleasePath)\framework\include\touchgfx\widgets\canvas\AbstractPainterRGB888.hpp">
      <Filter>Header Files\TouchGFX\touchgfx\widgets\canvas</Filter>
    </ClInclude>
    <ClInclude Include="$(TouchGFXReleasePath)\framework\include\touchgfx\widgets\canvas\AbstractShape.hpp">
      <Filter>Header Files\TouchGFX\touchgfx\widgets\canvas</Filter>
    </ClInclude>
    <ClInclude Include="$(TouchGFXReleasePath)\framework\include\touchgfx\widgets\canvas\Canvas.hpp">
      <Filter>Header Files\TouchGFX\touchgfx\widgets\canvas</Filter>
    </ClInclude>
    <ClInclude Include="$(TouchGFXReleasePath)\framework\include\touchgfx\widgets\canvas\CanvasWidget.hpp">
      <Filter>Header Files\TouchGFX\touchgfx\widgets\canvas</Filter>
    </ClInclude>
    <ClInclude Include="$(TouchGFXReleasePath)\framework\include\touchgfx\widgets\canvas\Circle.hpp">
      <Filter>Header Files\TouchGFX\touchgfx\widgets\canvas</Filter>
    </ClInclude>
    <ClInclude Include="$(TouchGFXReleasePath)\framework\include\touchgfx\widgets\canvas\CWRUtil.hpp">
      <Filter>Header Files\TouchGFX\touchgfx\widgets\canvas</Filter>
    </ClInclude>
    <ClInclude Include="$(TouchGFXReleasePath)\framework\include\touchgfx\widgets\canvas\Line.hpp">
      <Filter>Header Files\TouchGFX\touchgfx\widgets\canvas</Filter>
    </ClInclude>
    <ClInclude Include="$(TouchGFXReleasePath)\framework\include\touchgfx\widgets\canvas\PainterBW.hpp">
      <Filter>Header Files\TouchGFX\touchgfx\widgets\canvas</Filter>
    </ClInclude>
    <ClInclude Include="$(TouchGFXReleasePath)\framework\include\touchgfx\widgets\canvas\PainterGRAY2.hpp">
      <Filter>Header Files\TouchGFX\touchgfx\widgets\canvas</Filter>
    </ClInclude>
    <ClInclude Include="$(TouchGFXReleasePath)\framework\include\touchgfx\widgets\canvas\PainterGRAY2Bitmap.hpp">
      <Filter>Header Files\TouchGFX\touchgfx\widgets\canvas</Filter>
    </ClInclude>
    <ClInclude Include="$(TouchGFXReleasePath)\framework\include\touchgfx\widgets\canvas\PainterGRAY4.hpp">
      <Filter>Header Files\TouchGFX\touchgfx\widgets\canvas</Filter>
    </ClInclude>
    <ClInclude Include="$(TouchGFXReleasePath)\framework\include\touchgfx\widgets\canvas\PainterGRAY4Bitmap.hpp">
      <Filter>Header Files\TouchGFX\touchgfx\widgets\canvas</Filter>
    </ClInclude>
    <ClInclude Include="$(TouchGFXReleasePath)\framework\include\touchgfx\widgets\canvas\PainterRGB565.hpp">
      <Filter>Header Files\TouchGFX\touchgfx\widgets\canvas</Filter>
    </ClInclude>
    <ClInclude Include="$(TouchGFXReleasePath)\framework\include\touchgfx\widgets\canvas\PainterRGB565Bitmap.hpp">
      <Filter>Header Files\TouchGFX\touchgfx\widgets\canvas</Filter>
    </ClInclude>
    <ClInclude Include="$(TouchGFXReleasePath)\framework\include\touchgfx\widgets\canvas\PainterRGB888.hpp">
      <Filter>Header Files\TouchGFX\touchgfx\widgets\canvas</Filter>
    </ClInclude>
    <ClInclude Include="$(TouchGFXReleasePath)\framework\include\touchgfx\widgets\canvas\PainterRGB888Bitmap.hpp">
      <Filter>Header Files\TouchGFX\touchgfx\widgets\canvas</Filter>
    </ClInclude>
    <ClInclude Include="$(TouchGFXReleasePath)\framework\include\touchgfx\widgets\canvas\Shape.hpp">
      <Filter>Header Files\TouchGFX\touchgfx\widgets\canvas</Filter>
    </ClInclude>
    <ClInclude Include="$(TouchGFXReleasePath)\framework\include\touchgfx\widgets\Image.hpp">
      <Filter>Header Files\TouchGFX\touchgfx\widgets</Filter>
    </ClInclude>
    <ClInclude Include="$(TouchGFXReleasePath)\framework\include\touchgfx\widgets\Keyboard.hpp">
      <Filter>Header Files\TouchGFX\touchgfx\widgets</Filter>
    </ClInclude>
    <ClInclude Include="$(TouchGFXReleasePath)\framework\include\touchgfx\widgets\PixelDataWidget.hpp">
      <Filter>Header Files\TouchGFX\touchgfx\widgets</Filter>
    </ClInclude>
    <ClInclude Include="$(TouchGFXReleasePath)\framework\include\touchgfx\widgets\RadioButton.hpp">
      <Filter>Header Files\TouchGFX\touchgfx\widgets</Filter>
    </ClInclude>
    <ClInclude Include="$(TouchGFXReleasePath)\framework\include\touchgfx\widgets\RadioButtonGroup.hpp">
      <Filter>Header Files\TouchGFX\touchgfx\widgets</Filter>
    </ClInclude>
    <ClInclude Include="$(TouchGFXReleasePath)\framework\include\touchgfx\widgets\RepeatButton.hpp">
      <Filter>Header Files\TouchGFX\touchgfx\widgets</Filter>
    </ClInclude>
    <ClInclude Include="$(TouchGFXReleasePath)\framework\include\touchgfx\widgets\ScalableImage.hpp">
      <Filter>Header Files\TouchGFX\touchgfx\widgets</Filter>
    </ClInclude>
    <ClInclude Include="$(TouchGFXReleasePath)\framework\include\touchgfx\widgets\SnapshotWidget.hpp">
      <Filter>Header Files\TouchGFX\touchgfx\widgets</Filter>
    </ClInclude>
    <ClInclude Include="$(TouchGFXReleasePath)\framework\include\touchgfx\widgets\TextArea.hpp">
      <Filter>Header Files\TouchGFX\touchgfx\widgets</Filter>
    </ClInclude>
    <ClInclude Include="$(TouchGFXReleasePath)\framework\include\touchgfx\widgets\TextAreaWithWildcard.hpp">
      <Filter>Header Files\TouchGFX\touchgfx\widgets</Filter>
    </ClInclude>
    <ClInclude Include="$(TouchGFXReleasePath)\framework\include\touchgfx\widgets\TextureMapper.hpp">
      <Filter>Header Files\TouchGFX\touchgfx\widgets</Filter>
    </ClInclude>
    <ClInclude Include="$(TouchGFXReleasePath)\framework\include\touchgfx\widgets\TiledImage.hpp">
      <Filter>Header Files\TouchGFX\touchgfx\widgets</Filter>
    </ClInclude>
    <ClInclude Include="$(TouchGFXReleasePath)\framework\include\touchgfx\widgets\ToggleButton.hpp">
      <Filter>Header Files\TouchGFX\touchgfx\widgets</Filter>
    </ClInclude>
    <ClInclude Include="$(TouchGFXReleasePath)\framework\include\touchgfx\widgets\TouchArea.hpp">
      <Filter>Header Files\TouchGFX\touchgfx\widgets</Filter>
    </ClInclude>
    <ClInclude Include="$(TouchGFXReleasePath)\framework\include\touchgfx\widgets\Widget.hpp">
      <Filter>Header Files\TouchGFX\touchgfx\widgets</Filter>
    </ClInclude>
    <ClInclude Include="$(ApplicationRoot)\generated\simulator\include\simulator\mainBase.hpp">
      <Filter>Header Files\generated\simulator</Filter>
    </ClInclude>
    <ClInclude Include="..\..\gui\include\gui\containers\AbortingWindow.hpp">
      <Filter>Header Files\gui\containers</Filter>
    </ClInclude>
    <ClInclude Include="..\..\generated\gui_generated\include\gui_generated\containers\AbortingWindowBase.hpp">
      <Filter>Header Files\generated\gui_generated\containers</Filter>
    </ClInclude>
    <ClInclude Include="..\..\gui\include\gui\common\graph_widget\AbstractGraph.hpp">
      <Filter>Header Files\gui\common\graph_widget</Filter>
    </ClInclude>
    <ClInclude Include="..\..\gui\include\gui\containers\AuditLog.hpp">
      <Filter>Header Files\gui\containers</Filter>
    </ClInclude>
    <ClInclude Include="..\..\generated\gui_generated\include\gui_generated\containers\AuditLogBase.hpp">
      <Filter>Header Files\generated\gui_generated\containers</Filter>
    </ClInclude>
    <ClInclude Include="..\..\gui\include\gui\auditscreen_screen\AuditScreenPresenter.hpp">
      <Filter>Header Files\gui\auditscreen_screen</Filter>
    </ClInclude>
    <ClInclude Include="..\..\gui\include\gui\auditscreen_screen\AuditScreenView.hpp">
      <Filter>Header Files\gui\auditscreen_screen</Filter>
    </ClInclude>
    <ClInclude Include="..\..\generated\gui_generated\include\gui_generated\auditscreen_screen\AuditScreenViewBase.hpp">
      <Filter>Header Files\generated\gui_generated\auditscreen_screen</Filter>
    </ClInclude>
    <ClInclude Include="..\..\gui\include\gui\containers\Background.hpp">
      <Filter>Header Files\gui\containers</Filter>
    </ClInclude>
    <ClInclude Include="..\..\generated\gui_generated\include\gui_generated\containers\BackgroundBase.hpp">
      <Filter>Header Files\generated\gui_generated\containers</Filter>
    </ClInclude>
    <ClInclude Include="..\..\gui\include\gui\common\Build.hpp">
      <Filter>Header Files\gui\common</Filter>
    </ClInclude>
    <ClInclude Include="..\..\gui\include\gui\common\Cipher.hpp">
      <Filter>Header Files\gui\common</Filter>
    </ClInclude>
    <ClInclude Include="..\..\gui\include\gui\common\CustomKeyboard.hpp">
      <Filter>Header Files\gui\common</Filter>
    </ClInclude>
    <ClInclude Include="..\..\gui\include\gui\common\date.hpp">
      <Filter>Header Files\gui\common</Filter>
    </ClInclude>
    <ClInclude Include="..\..\gui\include\gui\containers\DatePicker.hpp">
      <Filter>Header Files\gui\containers</Filter>
    </ClInclude>
    <ClInclude Include="..\..\generated\gui_generated\include\gui_generated\containers\DatePickerBase.hpp">
      <Filter>Header Files\generated\gui_generated\containers</Filter>
    </ClInclude>
    <ClInclude Include="..\..\gui\include\gui\containers\DeadSpaceAnimation.hpp">
      <Filter>Header Files\gui\containers</Filter>
    </ClInclude>
    <ClInclude Include="..\..\generated\gui_generated\include\gui_generated\containers\DeadSpaceAnimationBase.hpp">
      <Filter>Header Files\generated\gui_generated\containers</Filter>
    </ClInclude>
    <ClInclude Include="..\..\gui\include\gui\eggscreen_screen\EggScreenPresenter.hpp">
      <Filter>Header Files\gui\eggscreen_screen</Filter>
    </ClInclude>
    <ClInclude Include="..\..\gui\include\gui\eggscreen_screen\EggScreenView.hpp">
      <Filter>Header Files\gui\eggscreen_screen</Filter>
    </ClInclude>
    <ClInclude Include="..\..\generated\gui_generated\include\gui_generated\eggscreen_screen\EggScreenViewBase.hpp">
      <Filter>Header Files\generated\gui_generated\eggscreen_screen</Filter>
    </ClInclude>
    <ClInclude Include="..\..\gui\include\gui\containers\EngineerOverlay.hpp">
      <Filter>Header Files\gui\containers</Filter>
    </ClInclude>
    <ClInclude Include="..\..\generated\gui_generated\include\gui_generated\containers\EngineerOverlayBase.hpp">
      <Filter>Header Files\generated\gui_generated\containers</Filter>
    </ClInclude>
    <ClInclude Include="..\..\gui\include\gui\containers\ErrorBox.hpp">
      <Filter>Header Files\gui\containers</Filter>
    </ClInclude>
    <ClInclude Include="..\..\generated\gui_generated\include\gui_generated\containers\ErrorBoxBase.hpp">
      <Filter>Header Files\generated\gui_generated\containers</Filter>
    </ClInclude>
    <ClInclude Include="..\..\gui\include\gui\containers\ExternalSwitchErrorWindow.hpp">
      <Filter>Header Files\gui\containers</Filter>
    </ClInclude>
    <ClInclude Include="..\..\generated\gui_generated\include\gui_generated\containers\ExternalSwitchErrorWindowBase.hpp">
      <Filter>Header Files\generated\gui_generated\containers</Filter>
    </ClInclude>
    <ClInclude Include="..\..\gui\include\gui\containers\FilterStateMessage.hpp">
      <Filter>Header Files\gui\containers</Filter>
    </ClInclude>
    <ClInclude Include="..\..\generated\gui_generated\include\gui_generated\containers\FilterStateMessageBase.hpp">
      <Filter>Header Files\generated\gui_generated\containers</Filter>
    </ClInclude>
    <ClInclude Include="..\..\gui\include\gui\freda_screen\FREDAPresenter.hpp">
      <Filter>Header Files\gui\freda_screen</Filter>
    </ClInclude>
    <ClInclude Include="..\..\gui\include\gui\freda_screen\FREDAView.hpp">
      <Filter>Header Files\gui\freda_screen</Filter>
    </ClInclude>
    <ClInclude Include="..\..\generated\gui_generated\include\gui_generated\freda_screen\FREDAViewBase.hpp">
      <Filter>Header Files\generated\gui_generated\freda_screen</Filter>
    </ClInclude>
    <ClInclude Include="..\..\gui\include\gui\common\FrontendApplication.hpp">
      <Filter>Header Files\gui\common</Filter>
    </ClInclude>
    <ClInclude Include="..\..\generated\gui_generated\include\gui_generated\common\FrontendApplicationBase.hpp">
      <Filter>Header Files\generated\gui_generated\common</Filter>
    </ClInclude>
    <ClInclude Include="..\..\gui\include\gui\common\FrontendHeap.hpp">
      <Filter>Header Files\gui\common</Filter>
    </ClInclude>
    <ClInclude Include="..\..\generated\gui_generated\include\gui_generated\common\FrontendHeapBase.hpp">
      <Filter>Header Files\generated\gui_generated\common</Filter>
    </ClInclude>
    <ClInclude Include="..\..\gui\include\gui\common\graph_widget\Graph.hpp">
      <Filter>Header Files\gui\common\graph_widget</Filter>
    </ClInclude>
    <ClInclude Include="..\..\gui\include\gui\common\graph_widget\GraphBelow.hpp">
      <Filter>Header Files\gui\common\graph_widget</Filter>
    </ClInclude>
    <ClInclude Include="..\..\gui\include\gui\common\graph_widget\GraphDots.hpp">
      <Filter>Header Files\gui\common\graph_widget</Filter>
    </ClInclude>
    <ClInclude Include="..\..\gui\include\gui\common\graph_widget\GraphLine.hpp">
      <Filter>Header Files\gui\common\graph_widget</Filter>
    </ClInclude>
    <ClInclude Include="..\..\gui\include\gui\graphscreen_screen\GraphScreenPresenter.hpp">
      <Filter>Header Files\gui\graphscreen_screen</Filter>
    </ClInclude>
    <ClInclude Include="..\..\gui\include\gui\graphscreen_screen\GraphScreenView.hpp">
      <Filter>Header Files\gui\graphscreen_screen</Filter>
    </ClInclude>
    <ClInclude Include="..\..\generated\gui_generated\include\gui_generated\graphscreen_screen\GraphScreenViewBase.hpp">
      <Filter>Header Files\generated\gui_generated\graphscreen_screen</Filter>
    </ClInclude>
    <ClInclude Include="..\..\gui\include\gui\idlescreen_screen\IdleScreenPresenter.hpp">
      <Filter>Header Files\gui\idlescreen_screen</Filter>
    </ClInclude>
    <ClInclude Include="..\..\gui\include\gui\idlescreen_screen\IdleScreenView.hpp">
      <Filter>Header Files\gui\idlescreen_screen</Filter>
    </ClInclude>
    <ClInclude Include="..\..\generated\gui_generated\include\gui_generated\idlescreen_screen\IdleScreenViewBase.hpp">
      <Filter>Header Files\generated\gui_generated\idlescreen_screen</Filter>
    </ClInclude>
    <ClInclude Include="..\..\gui\include\gui\containers\InternalSwitchError.hpp">
      <Filter>Header Files\gui\containers</Filter>
    </ClInclude>
    <ClInclude Include="..\..\generated\gui_generated\include\gui_generated\containers\InternalSwitchErrorBase.hpp">
      <Filter>Header Files\generated\gui_generated\containers</Filter>
    </ClInclude>
    <ClInclude Include="..\..\gui\include\gui\common\KeyboardKeyMapping.hpp">
      <Filter>Header Files\gui\common</Filter>
    </ClInclude>
    <ClInclude Include="..\..\gui\include\gui\common\KeyboardLayout.hpp">
      <Filter>Header Files\gui\common</Filter>
    </ClInclude>
    <ClInclude Include="..\..\gui\include\gui\containers\Keypad.hpp">
      <Filter>Header Files\gui\containers</Filter>
    </ClInclude>
    <ClInclude Include="..\..\generated\gui_generated\include\gui_generated\containers\KeypadBase.hpp">
      <Filter>Header Files\generated\gui_generated\containers</Filter>
    </ClInclude>
    <ClInclude Include="..\..\gui\include\gui\common\Lever.hpp">
      <Filter>Header Files\gui\common</Filter>
    </ClInclude>
    <ClInclude Include="..\..\gui\include\gui\LFT\LFT.hpp">
      <Filter>Header Files\gui\LFT</Filter>
    </ClInclude>
    <ClInclude Include="..\..\gui\include\gui\LFT\LFT_Auto.hpp">
      <Filter>Header Files\gui\LFT</Filter>
    </ClInclude>
    <ClInclude Include="..\..\gui\include\gui\LFT\LFT_AutoClean.hpp">
      <Filter>Header Files\gui\LFT</Filter>
    </ClInclude>
    <ClInclude Include="..\..\gui\include\gui\LFT\LFT_Information.hpp">
      <Filter>Header Files\gui\LFT</Filter>
    </ClInclude>
    <ClInclude Include="..\..\gui\include\gui\LFT\LFT_Logs.hpp">
      <Filter>Header Files\gui\LFT</Filter>
    </ClInclude>
    <ClInclude Include="..\..\gui\include\gui\LFT\LFT_Manual.hpp">
      <Filter>Header Files\gui\LFT</Filter>
    </ClInclude>
    <ClInclude Include="..\..\gui\include\gui\LFT\LFT_ProductionTests.hpp">
      <Filter>Header Files\gui\LFT</Filter>
    </ClInclude>
    <ClInclude Include="..\..\gui\include\gui\LFT\LFT_Settings.hpp">
      <Filter>Header Files\gui\LFT</Filter>
    </ClInclude>
    <ClInclude Include="..\..\gui\include\gui\LFT\LFT_TestValues.hpp">
      <Filter>Header Files\gui\LFT</Filter>
    </ClInclude>
    <ClInclude Include="..\..\gui\include\gui\common\LFTDebug.hpp">
      <Filter>Header Files\gui\common</Filter>
    </ClInclude>
    <ClInclude Include="..\..\gui\include\gui\containers\LogsExporting.hpp">
      <Filter>Header Files\gui\containers</Filter>
    </ClInclude>
    <ClInclude Include="..\..\generated\gui_generated\include\gui_generated\containers\LogsExportingBase.hpp">
      <Filter>Header Files\generated\gui_generated\containers</Filter>
    </ClInclude>
    <ClInclude Include="..\..\gui\include\gui\mainscreen_screen\MainScreenPresenter.hpp">
      <Filter>Header Files\gui\mainscreen_screen</Filter>
    </ClInclude>
    <ClInclude Include="..\..\gui\include\gui\mainscreen_screen\MainScreenView.hpp">
      <Filter>Header Files\gui\mainscreen_screen</Filter>
    </ClInclude>
    <ClInclude Include="..\..\generated\gui_generated\include\gui_generated\mainscreen_screen\MainScreenViewBase.hpp">
      <Filter>Header Files\generated\gui_generated\mainscreen_screen</Filter>
    </ClInclude>
    <ClInclude Include="..\..\gui\include\gui\model\Model.hpp">
      <Filter>Header Files\gui\model</Filter>
    </ClInclude>
    <ClInclude Include="..\..\gui\include\gui\model\ModelListener.hpp">
      <Filter>Header Files\gui\model</Filter>
    </ClInclude>
    <ClInclude Include="..\..\gui\include\gui\containers\MsgBox.hpp">
      <Filter>Header Files\gui\containers</Filter>
    </ClInclude>
    <ClInclude Include="..\..\generated\gui_generated\include\gui_generated\containers\MsgBoxBase.hpp">
      <Filter>Header Files\generated\gui_generated\containers</Filter>
    </ClInclude>
    <ClInclude Include="..\..\gui\include\gui\common\graph_widget\PainterVerticalAlpha.hpp">
      <Filter>Header Files\gui\common\graph_widget</Filter>
    </ClInclude>
    <ClInclude Include="..\..\gui\include\gui\common\PatternCode.hpp">
      <Filter>Header Files\gui\common</Filter>
    </ClInclude>
    <ClInclude Include="..\..\gui\include\gui\common\Pong.hpp">
      <Filter>Header Files\gui\common</Filter>
    </ClInclude>
    <ClInclude Include="..\..\gui\include\gui\powerlossrecoveryscreen_screen\PowerlossRecoveryScreenPresenter.hpp">
      <Filter>Header Files\gui\powerlossrecoveryscreen_screen</Filter>
    </ClInclude>
    <ClInclude Include="..\..\gui\include\gui\powerlossrecoveryscreen_screen\PowerlossRecoveryScreenView.hpp">
      <Filter>Header Files\gui\powerlossrecoveryscreen_screen</Filter>
    </ClInclude>
    <ClInclude Include="..\..\generated\gui_generated\include\gui_generated\powerlossrecoveryscreen_screen\PowerlossRecoveryScreenViewBase.hpp">
      <Filter>Header Files\generated\gui_generated\powerlossrecoveryscreen_screen</Filter>
    </ClInclude>
    <ClInclude Include="..\..\gui\include\gui\processscreen_screen\ProcessScreenPresenter.hpp">
      <Filter>Header Files\gui\processscreen_screen</Filter>
    </ClInclude>
    <ClInclude Include="..\..\gui\include\gui\processscreen_screen\ProcessScreenView.hpp">
      <Filter>Header Files\gui\processscreen_screen</Filter>
    </ClInclude>
    <ClInclude Include="..\..\generated\gui_generated\include\gui_generated\processscreen_screen\ProcessScreenViewBase.hpp">
      <Filter>Header Files\generated\gui_generated\processscreen_screen</Filter>
    </ClInclude>
    <ClInclude Include="..\..\gui\include\gui\common\ProductionTestStep.hpp">
      <Filter>Header Files\gui\common</Filter>
    </ClInclude>
    <ClInclude Include="..\..\gui\include\gui\common\ProgressBar.hpp">
      <Filter>Header Files\gui\common</Filter>
    </ClInclude>
    <ClInclude Include="..\..\gui\include\gui\LFT\Definitions\ProgressStages.hpp">
      <Filter>Header Files\gui\LFT\Definitions</Filter>
    </ClInclude>
    <ClInclude Include="..\..\gui\include\gui\LFT\Definitions\RecoverLog.hpp">
      <Filter>Header Files\gui\LFT\Definitions</Filter>
    </ClInclude>
    <ClInclude Include="..\..\gui\include\gui\settingsscreen_screen\SettingsScreenPresenter.hpp">
      <Filter>Header Files\gui\settingsscreen_screen</Filter>
    </ClInclude>
    <ClInclude Include="..\..\gui\include\gui\settingsscreen_screen\SettingsScreenView.hpp">
      <Filter>Header Files\gui\settingsscreen_screen</Filter>
    </ClInclude>
    <ClInclude Include="..\..\generated\gui_generated\include\gui_generated\settingsscreen_screen\SettingsScreenViewBase.hpp">
      <Filter>Header Files\generated\gui_generated\settingsscreen_screen</Filter>
    </ClInclude>
    <ClInclude Include="..\..\generated\gui_generated\include\gui_generated\common\SimConstants.hpp">
      <Filter>Header Files\generated\gui_generated\common</Filter>
    </ClInclude>
    <ClInclude Include="..\..\gui\include\gui\LFT\Definitions\Stages.hpp">
      <Filter>Header Files\gui\LFT\Definitions</Filter>
    </ClInclude>
    <ClInclude Include="..\..\gui\include\gui\common\String.hpp">
      <Filter>Header Files\gui\common</Filter>
    </ClInclude>
    <ClInclude Include="..\..\gui\include\gui\containers\Tab.hpp">
      <Filter>Header Files\gui\containers</Filter>
    </ClInclude>
    <ClInclude Include="..\..\generated\gui_generated\include\gui_generated\containers\TabBase.hpp">
      <Filter>Header Files\generated\gui_generated\containers</Filter>
    </ClInclude>
    <ClInclude Include="..\..\gui\include\gui\common\TextRadioButton.hpp">
      <Filter>Header Files\gui\common</Filter>
    </ClInclude>
    <ClInclude Include="..\..\gui\include\gui\common\ThreadSafe.hpp">
      <Filter>Header Files\gui\common</Filter>
    </ClInclude>
    <ClInclude Include="..\..\gui\include\gui\containers\TouchTest.hpp">
      <Filter>Header Files\gui\containers</Filter>
    </ClInclude>
    <ClInclude Include="..\..\generated\gui_generated\include\gui_generated\containers\TouchTestBase.hpp">
      <Filter>Header Files\generated\gui_generated\containers</Filter>
    </ClInclude>
    <ClInclude Include="..\..\gui\include\gui\touchtestscreen_screen\TouchTestScreenPresenter.hpp">
      <Filter>Header Files\gui\touchtestscreen_screen</Filter>
    </ClInclude>
    <ClInclude Include="..\..\gui\include\gui\touchtestscreen_screen\TouchTestScreenView.hpp">
      <Filter>Header Files\gui\touchtestscreen_screen</Filter>
    </ClInclude>
    <ClInclude Include="..\..\generated\gui_generated\include\gui_generated\touchtestscreen_screen\TouchTestScreenViewBase.hpp">
      <Filter>Header Files\generated\gui_generated\touchtestscreen_screen</Filter>
    </ClInclude>
    <ClInclude Include="..\..\gui\include\gui\common\Unlock.hpp">
      <Filter>Header Files\gui\common</Filter>
    </ClInclude>
    <ClInclude Include="..\..\gui\include\gui\containers\UsageInstructions.hpp">
      <Filter>Header Files\gui\containers</Filter>
    </ClInclude>
    <ClInclude Include="..\..\generated\gui_generated\include\gui_generated\containers\UsageInstructionsBase.hpp">
      <Filter>Header Files\generated\gui_generated\containers</Filter>
    </ClInclude>
    <ClInclude Include="..\..\gui\include\gui\usbmode_screen\UsbModePresenter.hpp">
      <Filter>Header Files\gui\usbmode_screen</Filter>
    </ClInclude>
    <ClInclude Include="..\..\gui\include\gui\usbmode_screen\UsbModeView.hpp">
      <Filter>Header Files\gui\usbmode_screen</Filter>
    </ClInclude>
    <ClInclude Include="..\..\generated\gui_generated\include\gui_generated\usbmode_screen\UsbModeViewBase.hpp">
      <Filter>Header Files\generated\gui_generated\usbmode_screen</Filter>
    </ClInclude>
    <ClInclude Include="..\..\gui\include\gui\common\Utils.hpp">
      <Filter>Header Files\gui\common</Filter>
    </ClInclude>
    <ClInclude Include="..\..\gui\include\gui\containers\ViewDiagnostics.hpp">
      <Filter>Header Files\gui\containers</Filter>
    </ClInclude>
    <ClInclude Include="..\..\generated\gui_generated\include\gui_generated\containers\ViewDiagnosticsBase.hpp">
      <Filter>Header Files\generated\gui_generated\containers</Filter>
    </ClInclude>
    <ClInclude Include="..\..\gui\include\gui\containers\MoistureDetectedMessage.hpp">
      <Filter>Header Files\gui\containers</Filter>
    </ClInclude>
    <ClInclude Include="..\..\generated\gui_generated\include\gui_generated\containers\MoistureDetectedMessageBase.hpp">
      <Filter>Header Files\generated\gui_generated\containers</Filter>
    </ClInclude>
  </ItemGroup>
  <ItemGroup>
    <ResourceCompile Include="$(ApplicationRoot)\generated\simulator\touchgfx.rc">
      <Filter>Resource Files</Filter>
    </ResourceCompile>
  </ItemGroup>
</Project>
